
Microsoft Visual Studio Solution File, Format Version 12.00
# Visual Studio 15
VisualStudioVersion = 15.0.26020.0
MinimumVisualStudioVersion = 10.0.40219.1
Project("{2150E333-8FDC-42A3-9474-1A3956D46DE8}") = "Plugins", "Plugins", "{B4F98D0C-2EB6-40DB-9B3C-C721B53B7E17}"
EndProject
Project("{2150E333-8FDC-42A3-9474-1A3956D46DE8}") = "Core", "Core", "{017F54F2-C79A-41F4-8F32-992EC67BBFA0}"
EndProject
Project("{2150E333-8FDC-42A3-9474-1A3956D46DE8}") = "Tools", "Tools", "{6261B863-0BE9-45F6-8992-FFC2469B689F}"
EndProject
Project("{2150E333-8FDC-42A3-9474-1A3956D46DE8}") = "Server", "Server", "{0869D6EC-2F2C-498C-8B58-AC280A7A4D48}"
EndProject
Project("{2150E333-8FDC-42A3-9474-1A3956D46DE8}") = "DofusProtocol", "DofusProtocol", "{EC9DBA18-85FF-4B01-947F-11001EEDFBA6}"
EndProject
Project("{FAE04EC0-301F-11D3-BF4B-00C04F79EFBC}") = "Stump.Plugins.DefaultPlugin", "Plugins\Stump.Plugins.DefaultPlugin\Stump.Plugins.DefaultPlugin.csproj", "{32609B25-5E15-4B60-887F-0A4B95455F2A}"
EndProject
Project("{FAE04EC0-301F-11D3-BF4B-00C04F79EFBC}") = "Stump.Plugins.DebugPlugin", "Plugins\Stump.Plugins.DebugPlugin\Stump.Plugins.DebugPlugin.csproj", "{0F454E97-B01B-4A02-84A4-8C53F7B185E7}"
EndProject
Project("{FAE04EC0-301F-11D3-BF4B-00C04F79EFBC}") = "Stump.DofusProtocol.Types", "DofusProtocol\Types\Stump.DofusProtocol.Types.csproj", "{10884165-D492-4895-B3EF-32429F7A7F55}"
EndProject
Project("{FAE04EC0-301F-11D3-BF4B-00C04F79EFBC}") = "Stump.DofusProtocol.Enums", "DofusProtocol\Enums\Stump.DofusProtocol.Enums.csproj", "{D7BFF8ED-065B-4A53-9805-595DFEA75A0A}"
EndProject
Project("{FAE04EC0-301F-11D3-BF4B-00C04F79EFBC}") = "Stump.DofusProtocol.Messages", "DofusProtocol\Messages\Stump.DofusProtocol.Messages.csproj", "{53092D2E-8F37-4889-B6B7-B359E093E3F4}"
EndProject
Project("{FAE04EC0-301F-11D3-BF4B-00C04F79EFBC}") = "Stump.Server.BaseServer", "Server\Stump.Server.BaseServer\Stump.Server.BaseServer.csproj", "{011FBAFC-7720-4D36-9C59-71BAE6163C9E}"
EndProject
Project("{FAE04EC0-301F-11D3-BF4B-00C04F79EFBC}") = "Stump.Server.AuthServer", "Server\Stump.Server.AuthServer\Stump.Server.AuthServer.csproj", "{B838009E-BE0A-463F-A814-73EBF3663785}"
EndProject
Project("{FAE04EC0-301F-11D3-BF4B-00C04F79EFBC}") = "Stump.Server.WorldServer", "Server\Stump.Server.WorldServer\Stump.Server.WorldServer.csproj", "{7A1BEAB5-1A69-48B6-B064-0F6F372AC23B}"
EndProject
Project("{FAE04EC0-301F-11D3-BF4B-00C04F79EFBC}") = "Stump.Core", "Core\Stump.Core\Stump.Core.csproj", "{8AC12413-BD4F-4C35-B61A-5E5894D33AFB}"
EndProject
Project("{2150E333-8FDC-42A3-9474-1A3956D46DE8}") = "GUI", "GUI", "{455857F1-1A1E-436E-9CB9-DDCF3CD5A6D7}"
EndProject
Project("{FAE04EC0-301F-11D3-BF4B-00C04F79EFBC}") = "Stump.GUI.AuthConsole", "GUI\Stump.GUI.AuthConsole\Stump.GUI.AuthConsole.csproj", "{73FB2A1D-2036-489D-B23A-B606BB70D4F2}"
EndProject
Project("{FAE04EC0-301F-11D3-BF4B-00C04F79EFBC}") = "Stump.GUI.WorldConsole", "GUI\Stump.GUI.WorldConsole\Stump.GUI.WorldConsole.csproj", "{53C844EC-189B-4803-8128-48ED9964ADA8}"
EndProject
Project("{FAE04EC0-301F-11D3-BF4B-00C04F79EFBC}") = "Stump.DofusProtocol.D2oClasses", "DofusProtocol\D2oClasses\Stump.DofusProtocol.D2oClasses.csproj", "{33093793-C4BA-4B89-AC82-6E9D00437452}"
EndProject
Project("{FAE04EC0-301F-11D3-BF4B-00C04F79EFBC}") = "Stump.Tools.SpellsExplorer", "Tools\Stump.Tools.SpellsExplorer\Stump.Tools.SpellsExplorer.csproj", "{4BBBCB41-40E7-48DE-82C4-5CAF1CEF8CC3}"
EndProject
Project("{2150E333-8FDC-42A3-9474-1A3956D46DE8}") = "Librairies", "Librairies", "{38155C42-AA0B-483C-98FB-EE1F0FA9B293}"
EndProject
Project("{FAE04EC0-301F-11D3-BF4B-00C04F79EFBC}") = "TreeSharp", "Library\TreeSharp\TreeSharp.csproj", "{8BFDD80E-9E64-4386-B676-ED3CFDF1B095}"
EndProject
Project("{FAE04EC0-301F-11D3-BF4B-00C04F79EFBC}") = "Stump.Plugins.EditorPlugin", "Plugins\Stump.Plugins.EditorPlugin\Stump.Plugins.EditorPlugin.csproj", "{4545DDDA-F936-4797-A77A-98F08169D3FC}"
EndProject
Project("{FAE04EC0-301F-11D3-BF4B-00C04F79EFBC}") = "Stump.Tools.CellPatternBuilder", "Tools\Stump.Tools.CellPatternBuilder\Stump.Tools.CellPatternBuilder.csproj", "{1BFB9518-1687-420E-A7F0-2B4B46BF8B99}"
	ProjectSection(ProjectDependencies) = postProject
		{380D57C1-2AB3-497A-A47A-3DBBA034EF37} = {380D57C1-2AB3-497A-A47A-3DBBA034EF37}
	EndProjectSection
EndProject
Project("{FAE04EC0-301F-11D3-BF4B-00C04F79EFBC}") = "Stump.Tools.MapControl", "Tools\Stump.Tools.MapControl\Stump.Tools.MapControl.csproj", "{380D57C1-2AB3-497A-A47A-3DBBA034EF37}"
EndProject
Project("{FAE04EC0-301F-11D3-BF4B-00C04F79EFBC}") = "ZoomAndPan", "Library\ZoomAndPan\ZoomAndPan.csproj", "{468ADEDE-6F5E-40C0-99C9-C6DAC4FAC934}"
EndProject
Project("{FAE04EC0-301F-11D3-BF4B-00C04F79EFBC}") = "NLog.netfx40", "Library\NLog\NLog.netfx40.csproj", "{A0BFF0DB-ED9A-4639-AE86-8E709A1EFC66}"
EndProject
Project("{FAE04EC0-301F-11D3-BF4B-00C04F79EFBC}") = "Stump.ORM", "Core\Stump.ORM\Stump.ORM.csproj", "{E7406629-E127-4B96-8F29-287947075631}"
EndProject
Project("{FAE04EC0-301F-11D3-BF4B-00C04F79EFBC}") = "WorldEditor", "Tools\WorldEditor\WorldEditor.csproj", "{8785E18F-243C-4D1C-AD5C-5519E81F4104}"
EndProject
Project("{FAE04EC0-301F-11D3-BF4B-00C04F79EFBC}") = "Xceed.Wpf.Toolkit", "Library\Xceed.Wpf.Toolkit\Xceed.Wpf.Toolkit.csproj", "{72E591D6-8F83-4D8C-8F67-9C325E623234}"
EndProject
Project("{FAE04EC0-301F-11D3-BF4B-00C04F79EFBC}") = "AvalonDock", "Library\AvalonDock\AvalonDock.csproj", "{DB81988F-E0F2-45A0-A1FD-8C37F3D35244}"
EndProject
Project("{FAE04EC0-301F-11D3-BF4B-00C04F79EFBC}") = "Uplauncher", "Tools\Uplauncher\Uplauncher.csproj", "{E1DB2171-4ADB-47E1-8827-47B6CAA6BE70}"
EndProject
Project("{FAE04EC0-301F-11D3-BF4B-00C04F79EFBC}") = "Snifferx86", "Tools\Sniffer\Sniffer\Snifferx86.csproj", "{23616127-D1F0-4AB8-B1E8-EC42C1578F6D}"
EndProject
Project("{FAE04EC0-301F-11D3-BF4B-00C04F79EFBC}") = "Snifferx64", "Tools\Sniffer\Sniffer\Snifferx64.csproj", "{D91BCC72-4891-40C1-A1EF-D3F2BC76914D}"
EndProject
Project("{FAE04EC0-301F-11D3-BF4B-00C04F79EFBC}") = "UplauncherReplacer", "Tools\UplauncherReplacer\UplauncherReplacer.csproj", "{E6CC3639-4492-4FB4-92F6-49F138688560}"
EndProject
Project("{FAE04EC0-301F-11D3-BF4B-00C04F79EFBC}") = "DofusProtocolBuilder", "Tools\DofusProtocolBuilder\DofusProtocolBuilder.csproj", "{BCF93302-7EEB-4ECE-9EC2-033B51747192}"
EndProject
Project("{FAE04EC0-301F-11D3-BF4B-00C04F79EFBC}") = "DBSynchroniser", "Tools\DBSynchroniser\DBSynchroniser.csproj", "{DFDC2AA2-969F-43B6-814F-C0C6C908807F}"
EndProject
Project("{FAE04EC0-301F-11D3-BF4B-00C04F79EFBC}") = "PatchBuilder", "Tools\PatchBuilder\PatchBuilder.csproj", "{EC8459DE-5211-4C05-AEE8-A0BFD8F6BEE4}"
EndProject
Project("{FAE04EC0-301F-11D3-BF4B-00C04F79EFBC}") = "protobuf-net", "Library\protobuf-net\protobuf-net.csproj", "{8374E4D7-2A91-48F1-9360-09B09CF27C3F}"
EndProject
Project("{FAE04EC0-301F-11D3-BF4B-00C04F79EFBC}") = "FakeClients", "Plugins\FakeClients\FakeClients.csproj", "{A715BA09-854E-4DAC-B20D-9B34420AB64B}"
EndProject
Project("{2150E333-8FDC-42A3-9474-1A3956D46DE8}") = "Tests", "Tests", "{3529038F-7ABD-4570-9958-5A8F2EF0DD39}"
EndProject
Project("{FAE04EC0-301F-11D3-BF4B-00C04F79EFBC}") = "FakeClient", "Tools\FakeClient\FakeClient.csproj", "{B981E517-6B85-4AB1-9CFF-12681E083366}"
EndProject
Project("{FAE04EC0-301F-11D3-BF4B-00C04F79EFBC}") = "UnitTest", "Tests\UnitTest\UnitTest.csproj", "{9E331628-BAF8-4DE4-ABAF-7C6C034067F5}"
EndProject
Project("{FAE04EC0-301F-11D3-BF4B-00C04F79EFBC}") = "ProtocolTester", "Tools\ProtocolTester\ProtocolTester.csproj", "{9A237C6A-4042-4992-99A3-BDC2EEFAB31A}"
EndProject
Project("{FAE04EC0-301F-11D3-BF4B-00C04F79EFBC}") = "GameplayPlugin", "Plugins\GameplayPlugin\GameplayPlugin.csproj", "{9E50768A-CB28-4ACF-8961-295F82BDB5D4}"
EndProject
Project("{FAE04EC0-301F-11D3-BF4B-00C04F79EFBC}") = "ScriptsPlugin", "Plugins\ScriptsPlugin\ScriptsPlugin.csproj", "{C625DF79-CEA6-424F-9553-68547A04A556}"
EndProject
Global
	GlobalSection(SolutionConfigurationPlatforms) = preSolution
		Debug|Any CPU = Debug|Any CPU
		Debug|Mixed Platforms = Debug|Mixed Platforms
		Debug|x64 = Debug|x64
		Debug|x86 = Debug|x86
		Debug-uptodate|Any CPU = Debug-uptodate|Any CPU
		Debug-uptodate|Mixed Platforms = Debug-uptodate|Mixed Platforms
		Debug-uptodate|x64 = Debug-uptodate|x64
		Debug-uptodate|x86 = Debug-uptodate|x86
		Release|Any CPU = Release|Any CPU
		Release|Mixed Platforms = Release|Mixed Platforms
		Release|x64 = Release|x64
		Release|x86 = Release|x86
	EndGlobalSection
	GlobalSection(ProjectConfigurationPlatforms) = postSolution
		{32609B25-5E15-4B60-887F-0A4B95455F2A}.Debug|Any CPU.ActiveCfg = Debug|Any CPU
		{32609B25-5E15-4B60-887F-0A4B95455F2A}.Debug|Any CPU.Build.0 = Debug|Any CPU
		{32609B25-5E15-4B60-887F-0A4B95455F2A}.Debug|Mixed Platforms.ActiveCfg = Debug|Any CPU
		{32609B25-5E15-4B60-887F-0A4B95455F2A}.Debug|Mixed Platforms.Build.0 = Debug|Any CPU
		{32609B25-5E15-4B60-887F-0A4B95455F2A}.Debug|x64.ActiveCfg = Debug|x64
		{32609B25-5E15-4B60-887F-0A4B95455F2A}.Debug|x64.Build.0 = Debug|x64
		{32609B25-5E15-4B60-887F-0A4B95455F2A}.Debug|x86.ActiveCfg = Debug|x86
		{32609B25-5E15-4B60-887F-0A4B95455F2A}.Debug|x86.Build.0 = Debug|x86
		{32609B25-5E15-4B60-887F-0A4B95455F2A}.Debug-uptodate|Any CPU.ActiveCfg = Debug-uptodate|Any CPU
		{32609B25-5E15-4B60-887F-0A4B95455F2A}.Debug-uptodate|Any CPU.Build.0 = Debug-uptodate|Any CPU
		{32609B25-5E15-4B60-887F-0A4B95455F2A}.Debug-uptodate|Mixed Platforms.ActiveCfg = Debug-uptodate|x86
		{32609B25-5E15-4B60-887F-0A4B95455F2A}.Debug-uptodate|Mixed Platforms.Build.0 = Debug-uptodate|x86
		{32609B25-5E15-4B60-887F-0A4B95455F2A}.Debug-uptodate|x64.ActiveCfg = Debug-uptodate|x64
		{32609B25-5E15-4B60-887F-0A4B95455F2A}.Debug-uptodate|x64.Build.0 = Debug-uptodate|x64
		{32609B25-5E15-4B60-887F-0A4B95455F2A}.Debug-uptodate|x86.ActiveCfg = Debug-uptodate|x86
		{32609B25-5E15-4B60-887F-0A4B95455F2A}.Debug-uptodate|x86.Build.0 = Debug-uptodate|x86
		{32609B25-5E15-4B60-887F-0A4B95455F2A}.Release|Any CPU.ActiveCfg = Release|Any CPU
		{32609B25-5E15-4B60-887F-0A4B95455F2A}.Release|Any CPU.Build.0 = Release|Any CPU
		{32609B25-5E15-4B60-887F-0A4B95455F2A}.Release|Mixed Platforms.ActiveCfg = Release|x64
		{32609B25-5E15-4B60-887F-0A4B95455F2A}.Release|Mixed Platforms.Build.0 = Release|x64
		{32609B25-5E15-4B60-887F-0A4B95455F2A}.Release|x64.ActiveCfg = Release|x64
		{32609B25-5E15-4B60-887F-0A4B95455F2A}.Release|x64.Build.0 = Release|x64
		{32609B25-5E15-4B60-887F-0A4B95455F2A}.Release|x86.ActiveCfg = Release|x86
		{32609B25-5E15-4B60-887F-0A4B95455F2A}.Release|x86.Build.0 = Release|x86
		{0F454E97-B01B-4A02-84A4-8C53F7B185E7}.Debug|Any CPU.ActiveCfg = Debug|Any CPU
		{0F454E97-B01B-4A02-84A4-8C53F7B185E7}.Debug|Any CPU.Build.0 = Debug|Any CPU
		{0F454E97-B01B-4A02-84A4-8C53F7B185E7}.Debug|Mixed Platforms.ActiveCfg = Debug|Any CPU
		{0F454E97-B01B-4A02-84A4-8C53F7B185E7}.Debug|Mixed Platforms.Build.0 = Debug|Any CPU
		{0F454E97-B01B-4A02-84A4-8C53F7B185E7}.Debug|x64.ActiveCfg = Debug|Any CPU
		{0F454E97-B01B-4A02-84A4-8C53F7B185E7}.Debug|x86.ActiveCfg = Debug|x86
		{0F454E97-B01B-4A02-84A4-8C53F7B185E7}.Debug|x86.Build.0 = Debug|x86
		{0F454E97-B01B-4A02-84A4-8C53F7B185E7}.Debug-uptodate|Any CPU.ActiveCfg = Debug-uptodate|Any CPU
		{0F454E97-B01B-4A02-84A4-8C53F7B185E7}.Debug-uptodate|Any CPU.Build.0 = Debug-uptodate|Any CPU
		{0F454E97-B01B-4A02-84A4-8C53F7B185E7}.Debug-uptodate|Mixed Platforms.ActiveCfg = Debug-uptodate|x86
		{0F454E97-B01B-4A02-84A4-8C53F7B185E7}.Debug-uptodate|Mixed Platforms.Build.0 = Debug-uptodate|x86
		{0F454E97-B01B-4A02-84A4-8C53F7B185E7}.Debug-uptodate|x64.ActiveCfg = Debug-uptodate|x64
		{0F454E97-B01B-4A02-84A4-8C53F7B185E7}.Debug-uptodate|x64.Build.0 = Debug-uptodate|x64
		{0F454E97-B01B-4A02-84A4-8C53F7B185E7}.Debug-uptodate|x86.ActiveCfg = Debug-uptodate|x86
		{0F454E97-B01B-4A02-84A4-8C53F7B185E7}.Debug-uptodate|x86.Build.0 = Debug-uptodate|x86
		{0F454E97-B01B-4A02-84A4-8C53F7B185E7}.Release|Any CPU.ActiveCfg = Release|Any CPU
		{0F454E97-B01B-4A02-84A4-8C53F7B185E7}.Release|Any CPU.Build.0 = Release|Any CPU
		{0F454E97-B01B-4A02-84A4-8C53F7B185E7}.Release|Mixed Platforms.ActiveCfg = Release|Any CPU
		{0F454E97-B01B-4A02-84A4-8C53F7B185E7}.Release|Mixed Platforms.Build.0 = Release|Any CPU
		{0F454E97-B01B-4A02-84A4-8C53F7B185E7}.Release|x64.ActiveCfg = Release|x64
		{0F454E97-B01B-4A02-84A4-8C53F7B185E7}.Release|x64.Build.0 = Release|x64
		{0F454E97-B01B-4A02-84A4-8C53F7B185E7}.Release|x86.ActiveCfg = Release|x86
		{0F454E97-B01B-4A02-84A4-8C53F7B185E7}.Release|x86.Build.0 = Release|x86
		{10884165-D492-4895-B3EF-32429F7A7F55}.Debug|Any CPU.ActiveCfg = Debug|Any CPU
		{10884165-D492-4895-B3EF-32429F7A7F55}.Debug|Any CPU.Build.0 = Debug|Any CPU
		{10884165-D492-4895-B3EF-32429F7A7F55}.Debug|Mixed Platforms.ActiveCfg = Debug|Any CPU
		{10884165-D492-4895-B3EF-32429F7A7F55}.Debug|Mixed Platforms.Build.0 = Debug|Any CPU
		{10884165-D492-4895-B3EF-32429F7A7F55}.Debug|x64.ActiveCfg = Debug|x64
		{10884165-D492-4895-B3EF-32429F7A7F55}.Debug|x64.Build.0 = Debug|x64
		{10884165-D492-4895-B3EF-32429F7A7F55}.Debug|x86.ActiveCfg = Debug|x86
		{10884165-D492-4895-B3EF-32429F7A7F55}.Debug|x86.Build.0 = Debug|x86
		{10884165-D492-4895-B3EF-32429F7A7F55}.Debug-uptodate|Any CPU.ActiveCfg = Debug-uptodate|Any CPU
		{10884165-D492-4895-B3EF-32429F7A7F55}.Debug-uptodate|Any CPU.Build.0 = Debug-uptodate|Any CPU
		{10884165-D492-4895-B3EF-32429F7A7F55}.Debug-uptodate|Mixed Platforms.ActiveCfg = Debug-uptodate|x86
		{10884165-D492-4895-B3EF-32429F7A7F55}.Debug-uptodate|Mixed Platforms.Build.0 = Debug-uptodate|x86
		{10884165-D492-4895-B3EF-32429F7A7F55}.Debug-uptodate|x64.ActiveCfg = Debug-uptodate|x64
		{10884165-D492-4895-B3EF-32429F7A7F55}.Debug-uptodate|x64.Build.0 = Debug-uptodate|x64
		{10884165-D492-4895-B3EF-32429F7A7F55}.Debug-uptodate|x86.ActiveCfg = Debug-uptodate|x86
		{10884165-D492-4895-B3EF-32429F7A7F55}.Debug-uptodate|x86.Build.0 = Debug-uptodate|x86
		{10884165-D492-4895-B3EF-32429F7A7F55}.Release|Any CPU.ActiveCfg = Release|Any CPU
		{10884165-D492-4895-B3EF-32429F7A7F55}.Release|Any CPU.Build.0 = Release|Any CPU
		{10884165-D492-4895-B3EF-32429F7A7F55}.Release|Mixed Platforms.ActiveCfg = Release|x64
		{10884165-D492-4895-B3EF-32429F7A7F55}.Release|Mixed Platforms.Build.0 = Release|x64
		{10884165-D492-4895-B3EF-32429F7A7F55}.Release|x64.ActiveCfg = Release|x64
		{10884165-D492-4895-B3EF-32429F7A7F55}.Release|x64.Build.0 = Release|x64
		{10884165-D492-4895-B3EF-32429F7A7F55}.Release|x86.ActiveCfg = Release|x86
		{10884165-D492-4895-B3EF-32429F7A7F55}.Release|x86.Build.0 = Release|x86
		{D7BFF8ED-065B-4A53-9805-595DFEA75A0A}.Debug|Any CPU.ActiveCfg = Debug|Any CPU
		{D7BFF8ED-065B-4A53-9805-595DFEA75A0A}.Debug|Any CPU.Build.0 = Debug|Any CPU
		{D7BFF8ED-065B-4A53-9805-595DFEA75A0A}.Debug|Mixed Platforms.ActiveCfg = Debug|Any CPU
		{D7BFF8ED-065B-4A53-9805-595DFEA75A0A}.Debug|Mixed Platforms.Build.0 = Debug|Any CPU
		{D7BFF8ED-065B-4A53-9805-595DFEA75A0A}.Debug|x64.ActiveCfg = Debug|x64
		{D7BFF8ED-065B-4A53-9805-595DFEA75A0A}.Debug|x64.Build.0 = Debug|x64
		{D7BFF8ED-065B-4A53-9805-595DFEA75A0A}.Debug|x86.ActiveCfg = Debug|x86
		{D7BFF8ED-065B-4A53-9805-595DFEA75A0A}.Debug|x86.Build.0 = Debug|x86
		{D7BFF8ED-065B-4A53-9805-595DFEA75A0A}.Debug-uptodate|Any CPU.ActiveCfg = Debug-uptodate|Any CPU
		{D7BFF8ED-065B-4A53-9805-595DFEA75A0A}.Debug-uptodate|Any CPU.Build.0 = Debug-uptodate|Any CPU
		{D7BFF8ED-065B-4A53-9805-595DFEA75A0A}.Debug-uptodate|Mixed Platforms.ActiveCfg = Debug-uptodate|x86
		{D7BFF8ED-065B-4A53-9805-595DFEA75A0A}.Debug-uptodate|Mixed Platforms.Build.0 = Debug-uptodate|x86
		{D7BFF8ED-065B-4A53-9805-595DFEA75A0A}.Debug-uptodate|x64.ActiveCfg = Debug-uptodate|x64
		{D7BFF8ED-065B-4A53-9805-595DFEA75A0A}.Debug-uptodate|x64.Build.0 = Debug-uptodate|x64
		{D7BFF8ED-065B-4A53-9805-595DFEA75A0A}.Debug-uptodate|x86.ActiveCfg = Debug-uptodate|x86
		{D7BFF8ED-065B-4A53-9805-595DFEA75A0A}.Debug-uptodate|x86.Build.0 = Debug-uptodate|x86
		{D7BFF8ED-065B-4A53-9805-595DFEA75A0A}.Release|Any CPU.ActiveCfg = Release|Any CPU
		{D7BFF8ED-065B-4A53-9805-595DFEA75A0A}.Release|Any CPU.Build.0 = Release|Any CPU
		{D7BFF8ED-065B-4A53-9805-595DFEA75A0A}.Release|Mixed Platforms.ActiveCfg = Release|x64
		{D7BFF8ED-065B-4A53-9805-595DFEA75A0A}.Release|Mixed Platforms.Build.0 = Release|x64
		{D7BFF8ED-065B-4A53-9805-595DFEA75A0A}.Release|x64.ActiveCfg = Release|x64
		{D7BFF8ED-065B-4A53-9805-595DFEA75A0A}.Release|x64.Build.0 = Release|x64
		{D7BFF8ED-065B-4A53-9805-595DFEA75A0A}.Release|x86.ActiveCfg = Release|x86
		{D7BFF8ED-065B-4A53-9805-595DFEA75A0A}.Release|x86.Build.0 = Release|x86
		{53092D2E-8F37-4889-B6B7-B359E093E3F4}.Debug|Any CPU.ActiveCfg = Debug|Any CPU
		{53092D2E-8F37-4889-B6B7-B359E093E3F4}.Debug|Any CPU.Build.0 = Debug|Any CPU
		{53092D2E-8F37-4889-B6B7-B359E093E3F4}.Debug|Mixed Platforms.ActiveCfg = Debug|Any CPU
		{53092D2E-8F37-4889-B6B7-B359E093E3F4}.Debug|Mixed Platforms.Build.0 = Debug|Any CPU
		{53092D2E-8F37-4889-B6B7-B359E093E3F4}.Debug|x64.ActiveCfg = Debug|x64
		{53092D2E-8F37-4889-B6B7-B359E093E3F4}.Debug|x64.Build.0 = Debug|x64
		{53092D2E-8F37-4889-B6B7-B359E093E3F4}.Debug|x86.ActiveCfg = Debug|x86
		{53092D2E-8F37-4889-B6B7-B359E093E3F4}.Debug|x86.Build.0 = Debug|x86
		{53092D2E-8F37-4889-B6B7-B359E093E3F4}.Debug-uptodate|Any CPU.ActiveCfg = Debug-uptodate|Any CPU
		{53092D2E-8F37-4889-B6B7-B359E093E3F4}.Debug-uptodate|Any CPU.Build.0 = Debug-uptodate|Any CPU
		{53092D2E-8F37-4889-B6B7-B359E093E3F4}.Debug-uptodate|Mixed Platforms.ActiveCfg = Debug-uptodate|x86
		{53092D2E-8F37-4889-B6B7-B359E093E3F4}.Debug-uptodate|Mixed Platforms.Build.0 = Debug-uptodate|x86
		{53092D2E-8F37-4889-B6B7-B359E093E3F4}.Debug-uptodate|x64.ActiveCfg = Debug-uptodate|x64
		{53092D2E-8F37-4889-B6B7-B359E093E3F4}.Debug-uptodate|x64.Build.0 = Debug-uptodate|x64
		{53092D2E-8F37-4889-B6B7-B359E093E3F4}.Debug-uptodate|x86.ActiveCfg = Debug-uptodate|x86
		{53092D2E-8F37-4889-B6B7-B359E093E3F4}.Debug-uptodate|x86.Build.0 = Debug-uptodate|x86
		{53092D2E-8F37-4889-B6B7-B359E093E3F4}.Release|Any CPU.ActiveCfg = Release|Any CPU
		{53092D2E-8F37-4889-B6B7-B359E093E3F4}.Release|Any CPU.Build.0 = Release|Any CPU
		{53092D2E-8F37-4889-B6B7-B359E093E3F4}.Release|Mixed Platforms.ActiveCfg = Release|x64
		{53092D2E-8F37-4889-B6B7-B359E093E3F4}.Release|Mixed Platforms.Build.0 = Release|x64
		{53092D2E-8F37-4889-B6B7-B359E093E3F4}.Release|x64.ActiveCfg = Release|x64
		{53092D2E-8F37-4889-B6B7-B359E093E3F4}.Release|x64.Build.0 = Release|x64
		{53092D2E-8F37-4889-B6B7-B359E093E3F4}.Release|x86.ActiveCfg = Release|x86
		{53092D2E-8F37-4889-B6B7-B359E093E3F4}.Release|x86.Build.0 = Release|x86
		{011FBAFC-7720-4D36-9C59-71BAE6163C9E}.Debug|Any CPU.ActiveCfg = Debug|Any CPU
		{011FBAFC-7720-4D36-9C59-71BAE6163C9E}.Debug|Any CPU.Build.0 = Debug|Any CPU
		{011FBAFC-7720-4D36-9C59-71BAE6163C9E}.Debug|Mixed Platforms.ActiveCfg = Debug|Any CPU
		{011FBAFC-7720-4D36-9C59-71BAE6163C9E}.Debug|Mixed Platforms.Build.0 = Debug|Any CPU
		{011FBAFC-7720-4D36-9C59-71BAE6163C9E}.Debug|x64.ActiveCfg = Debug|x64
		{011FBAFC-7720-4D36-9C59-71BAE6163C9E}.Debug|x64.Build.0 = Debug|x64
		{011FBAFC-7720-4D36-9C59-71BAE6163C9E}.Debug|x86.ActiveCfg = Debug|x86
		{011FBAFC-7720-4D36-9C59-71BAE6163C9E}.Debug|x86.Build.0 = Debug|x86
		{011FBAFC-7720-4D36-9C59-71BAE6163C9E}.Debug-uptodate|Any CPU.ActiveCfg = Debug-uptodate|Any CPU
		{011FBAFC-7720-4D36-9C59-71BAE6163C9E}.Debug-uptodate|Any CPU.Build.0 = Debug-uptodate|Any CPU
		{011FBAFC-7720-4D36-9C59-71BAE6163C9E}.Debug-uptodate|Mixed Platforms.ActiveCfg = Debug-uptodate|x86
		{011FBAFC-7720-4D36-9C59-71BAE6163C9E}.Debug-uptodate|Mixed Platforms.Build.0 = Debug-uptodate|x86
		{011FBAFC-7720-4D36-9C59-71BAE6163C9E}.Debug-uptodate|x64.ActiveCfg = Debug-uptodate|x64
		{011FBAFC-7720-4D36-9C59-71BAE6163C9E}.Debug-uptodate|x64.Build.0 = Debug-uptodate|x64
		{011FBAFC-7720-4D36-9C59-71BAE6163C9E}.Debug-uptodate|x86.ActiveCfg = Debug-uptodate|x86
		{011FBAFC-7720-4D36-9C59-71BAE6163C9E}.Debug-uptodate|x86.Build.0 = Debug-uptodate|x86
		{011FBAFC-7720-4D36-9C59-71BAE6163C9E}.Release|Any CPU.ActiveCfg = Release|Any CPU
		{011FBAFC-7720-4D36-9C59-71BAE6163C9E}.Release|Any CPU.Build.0 = Release|Any CPU
		{011FBAFC-7720-4D36-9C59-71BAE6163C9E}.Release|Mixed Platforms.ActiveCfg = Release|x64
		{011FBAFC-7720-4D36-9C59-71BAE6163C9E}.Release|Mixed Platforms.Build.0 = Release|x64
		{011FBAFC-7720-4D36-9C59-71BAE6163C9E}.Release|x64.ActiveCfg = Release|x64
		{011FBAFC-7720-4D36-9C59-71BAE6163C9E}.Release|x64.Build.0 = Release|x64
		{011FBAFC-7720-4D36-9C59-71BAE6163C9E}.Release|x86.ActiveCfg = Release|x86
		{011FBAFC-7720-4D36-9C59-71BAE6163C9E}.Release|x86.Build.0 = Release|x86
		{B838009E-BE0A-463F-A814-73EBF3663785}.Debug|Any CPU.ActiveCfg = Debug|Any CPU
		{B838009E-BE0A-463F-A814-73EBF3663785}.Debug|Any CPU.Build.0 = Debug|Any CPU
		{B838009E-BE0A-463F-A814-73EBF3663785}.Debug|Mixed Platforms.ActiveCfg = Debug|Any CPU
		{B838009E-BE0A-463F-A814-73EBF3663785}.Debug|Mixed Platforms.Build.0 = Debug|Any CPU
		{B838009E-BE0A-463F-A814-73EBF3663785}.Debug|x64.ActiveCfg = Debug|Any CPU
		{B838009E-BE0A-463F-A814-73EBF3663785}.Debug|x86.ActiveCfg = Debug|x86
		{B838009E-BE0A-463F-A814-73EBF3663785}.Debug|x86.Build.0 = Debug|x86
		{B838009E-BE0A-463F-A814-73EBF3663785}.Debug-uptodate|Any CPU.ActiveCfg = Debug-uptodate|Any CPU
		{B838009E-BE0A-463F-A814-73EBF3663785}.Debug-uptodate|Any CPU.Build.0 = Debug-uptodate|Any CPU
		{B838009E-BE0A-463F-A814-73EBF3663785}.Debug-uptodate|Mixed Platforms.ActiveCfg = Debug-uptodate|x86
		{B838009E-BE0A-463F-A814-73EBF3663785}.Debug-uptodate|Mixed Platforms.Build.0 = Debug-uptodate|x86
		{B838009E-BE0A-463F-A814-73EBF3663785}.Debug-uptodate|x64.ActiveCfg = Debug-uptodate|x64
		{B838009E-BE0A-463F-A814-73EBF3663785}.Debug-uptodate|x64.Build.0 = Debug-uptodate|x64
		{B838009E-BE0A-463F-A814-73EBF3663785}.Debug-uptodate|x86.ActiveCfg = Debug-uptodate|x86
		{B838009E-BE0A-463F-A814-73EBF3663785}.Debug-uptodate|x86.Build.0 = Debug-uptodate|x86
		{B838009E-BE0A-463F-A814-73EBF3663785}.Release|Any CPU.ActiveCfg = Release|Any CPU
		{B838009E-BE0A-463F-A814-73EBF3663785}.Release|Any CPU.Build.0 = Release|Any CPU
		{B838009E-BE0A-463F-A814-73EBF3663785}.Release|Mixed Platforms.ActiveCfg = Release|Any CPU
		{B838009E-BE0A-463F-A814-73EBF3663785}.Release|Mixed Platforms.Build.0 = Release|Any CPU
		{B838009E-BE0A-463F-A814-73EBF3663785}.Release|x64.ActiveCfg = Release|x64
		{B838009E-BE0A-463F-A814-73EBF3663785}.Release|x64.Build.0 = Release|x64
		{B838009E-BE0A-463F-A814-73EBF3663785}.Release|x86.ActiveCfg = Release|x86
		{B838009E-BE0A-463F-A814-73EBF3663785}.Release|x86.Build.0 = Release|x86
		{7A1BEAB5-1A69-48B6-B064-0F6F372AC23B}.Debug|Any CPU.ActiveCfg = Debug|Any CPU
		{7A1BEAB5-1A69-48B6-B064-0F6F372AC23B}.Debug|Any CPU.Build.0 = Debug|Any CPU
		{7A1BEAB5-1A69-48B6-B064-0F6F372AC23B}.Debug|Mixed Platforms.ActiveCfg = Debug|Any CPU
		{7A1BEAB5-1A69-48B6-B064-0F6F372AC23B}.Debug|Mixed Platforms.Build.0 = Debug|Any CPU
		{7A1BEAB5-1A69-48B6-B064-0F6F372AC23B}.Debug|x64.ActiveCfg = Debug|Any CPU
		{7A1BEAB5-1A69-48B6-B064-0F6F372AC23B}.Debug|x86.ActiveCfg = Debug|x86
		{7A1BEAB5-1A69-48B6-B064-0F6F372AC23B}.Debug|x86.Build.0 = Debug|x86
		{7A1BEAB5-1A69-48B6-B064-0F6F372AC23B}.Debug-uptodate|Any CPU.ActiveCfg = Debug|Any CPU
		{7A1BEAB5-1A69-48B6-B064-0F6F372AC23B}.Debug-uptodate|Any CPU.Build.0 = Debug|Any CPU
		{7A1BEAB5-1A69-48B6-B064-0F6F372AC23B}.Debug-uptodate|Mixed Platforms.ActiveCfg = Debug|x86
		{7A1BEAB5-1A69-48B6-B064-0F6F372AC23B}.Debug-uptodate|Mixed Platforms.Build.0 = Debug|x86
		{7A1BEAB5-1A69-48B6-B064-0F6F372AC23B}.Debug-uptodate|x64.ActiveCfg = Debug|x64
		{7A1BEAB5-1A69-48B6-B064-0F6F372AC23B}.Debug-uptodate|x64.Build.0 = Debug|x64
		{7A1BEAB5-1A69-48B6-B064-0F6F372AC23B}.Debug-uptodate|x86.ActiveCfg = Debug|x86
		{7A1BEAB5-1A69-48B6-B064-0F6F372AC23B}.Debug-uptodate|x86.Build.0 = Debug|x86
		{7A1BEAB5-1A69-48B6-B064-0F6F372AC23B}.Release|Any CPU.ActiveCfg = Release|Any CPU
		{7A1BEAB5-1A69-48B6-B064-0F6F372AC23B}.Release|Any CPU.Build.0 = Release|Any CPU
		{7A1BEAB5-1A69-48B6-B064-0F6F372AC23B}.Release|Mixed Platforms.ActiveCfg = Release|Any CPU
		{7A1BEAB5-1A69-48B6-B064-0F6F372AC23B}.Release|Mixed Platforms.Build.0 = Release|Any CPU
		{7A1BEAB5-1A69-48B6-B064-0F6F372AC23B}.Release|x64.ActiveCfg = Release|x64
		{7A1BEAB5-1A69-48B6-B064-0F6F372AC23B}.Release|x64.Build.0 = Release|x64
		{7A1BEAB5-1A69-48B6-B064-0F6F372AC23B}.Release|x86.ActiveCfg = Release|x86
		{7A1BEAB5-1A69-48B6-B064-0F6F372AC23B}.Release|x86.Build.0 = Release|x86
		{8AC12413-BD4F-4C35-B61A-5E5894D33AFB}.Debug|Any CPU.ActiveCfg = Debug|Any CPU
		{8AC12413-BD4F-4C35-B61A-5E5894D33AFB}.Debug|Any CPU.Build.0 = Debug|Any CPU
		{8AC12413-BD4F-4C35-B61A-5E5894D33AFB}.Debug|Mixed Platforms.ActiveCfg = Debug|Any CPU
		{8AC12413-BD4F-4C35-B61A-5E5894D33AFB}.Debug|Mixed Platforms.Build.0 = Debug|Any CPU
		{8AC12413-BD4F-4C35-B61A-5E5894D33AFB}.Debug|x64.ActiveCfg = Debug|x64
		{8AC12413-BD4F-4C35-B61A-5E5894D33AFB}.Debug|x64.Build.0 = Debug|x64
		{8AC12413-BD4F-4C35-B61A-5E5894D33AFB}.Debug|x86.ActiveCfg = Debug|x86
		{8AC12413-BD4F-4C35-B61A-5E5894D33AFB}.Debug|x86.Build.0 = Debug|x86
		{8AC12413-BD4F-4C35-B61A-5E5894D33AFB}.Debug-uptodate|Any CPU.ActiveCfg = Debug-uptodate|Any CPU
		{8AC12413-BD4F-4C35-B61A-5E5894D33AFB}.Debug-uptodate|Any CPU.Build.0 = Debug-uptodate|Any CPU
		{8AC12413-BD4F-4C35-B61A-5E5894D33AFB}.Debug-uptodate|Mixed Platforms.ActiveCfg = Debug-uptodate|x86
		{8AC12413-BD4F-4C35-B61A-5E5894D33AFB}.Debug-uptodate|Mixed Platforms.Build.0 = Debug-uptodate|x86
		{8AC12413-BD4F-4C35-B61A-5E5894D33AFB}.Debug-uptodate|x64.ActiveCfg = Debug-uptodate|x64
		{8AC12413-BD4F-4C35-B61A-5E5894D33AFB}.Debug-uptodate|x64.Build.0 = Debug-uptodate|x64
		{8AC12413-BD4F-4C35-B61A-5E5894D33AFB}.Debug-uptodate|x86.ActiveCfg = Debug-uptodate|x86
		{8AC12413-BD4F-4C35-B61A-5E5894D33AFB}.Debug-uptodate|x86.Build.0 = Debug-uptodate|x86
		{8AC12413-BD4F-4C35-B61A-5E5894D33AFB}.Release|Any CPU.ActiveCfg = Release|Any CPU
		{8AC12413-BD4F-4C35-B61A-5E5894D33AFB}.Release|Any CPU.Build.0 = Release|Any CPU
		{8AC12413-BD4F-4C35-B61A-5E5894D33AFB}.Release|Mixed Platforms.ActiveCfg = Release|x64
		{8AC12413-BD4F-4C35-B61A-5E5894D33AFB}.Release|Mixed Platforms.Build.0 = Release|x64
		{8AC12413-BD4F-4C35-B61A-5E5894D33AFB}.Release|x64.ActiveCfg = Release|x64
		{8AC12413-BD4F-4C35-B61A-5E5894D33AFB}.Release|x64.Build.0 = Release|x64
		{8AC12413-BD4F-4C35-B61A-5E5894D33AFB}.Release|x86.ActiveCfg = Release|x86
		{8AC12413-BD4F-4C35-B61A-5E5894D33AFB}.Release|x86.Build.0 = Release|x86
		{73FB2A1D-2036-489D-B23A-B606BB70D4F2}.Debug|Any CPU.ActiveCfg = Debug|Any CPU
		{73FB2A1D-2036-489D-B23A-B606BB70D4F2}.Debug|Any CPU.Build.0 = Debug|Any CPU
		{73FB2A1D-2036-489D-B23A-B606BB70D4F2}.Debug|Mixed Platforms.ActiveCfg = Debug|Any CPU
		{73FB2A1D-2036-489D-B23A-B606BB70D4F2}.Debug|Mixed Platforms.Build.0 = Debug|Any CPU
		{73FB2A1D-2036-489D-B23A-B606BB70D4F2}.Debug|x64.ActiveCfg = Debug|x64
		{73FB2A1D-2036-489D-B23A-B606BB70D4F2}.Debug|x64.Build.0 = Debug|x64
		{73FB2A1D-2036-489D-B23A-B606BB70D4F2}.Debug|x86.ActiveCfg = Debug|x86
		{73FB2A1D-2036-489D-B23A-B606BB70D4F2}.Debug|x86.Build.0 = Debug|x86
		{73FB2A1D-2036-489D-B23A-B606BB70D4F2}.Debug-uptodate|Any CPU.ActiveCfg = Debug-uptodate|Any CPU
		{73FB2A1D-2036-489D-B23A-B606BB70D4F2}.Debug-uptodate|Any CPU.Build.0 = Debug-uptodate|Any CPU
		{73FB2A1D-2036-489D-B23A-B606BB70D4F2}.Debug-uptodate|Mixed Platforms.ActiveCfg = Debug-uptodate|x86
		{73FB2A1D-2036-489D-B23A-B606BB70D4F2}.Debug-uptodate|Mixed Platforms.Build.0 = Debug-uptodate|x86
		{73FB2A1D-2036-489D-B23A-B606BB70D4F2}.Debug-uptodate|x64.ActiveCfg = Debug-uptodate|x64
		{73FB2A1D-2036-489D-B23A-B606BB70D4F2}.Debug-uptodate|x64.Build.0 = Debug-uptodate|x64
		{73FB2A1D-2036-489D-B23A-B606BB70D4F2}.Debug-uptodate|x86.ActiveCfg = Debug-uptodate|x86
		{73FB2A1D-2036-489D-B23A-B606BB70D4F2}.Debug-uptodate|x86.Build.0 = Debug-uptodate|x86
		{73FB2A1D-2036-489D-B23A-B606BB70D4F2}.Release|Any CPU.ActiveCfg = Release|Any CPU
		{73FB2A1D-2036-489D-B23A-B606BB70D4F2}.Release|Any CPU.Build.0 = Release|Any CPU
		{73FB2A1D-2036-489D-B23A-B606BB70D4F2}.Release|Mixed Platforms.ActiveCfg = Release|x64
		{73FB2A1D-2036-489D-B23A-B606BB70D4F2}.Release|Mixed Platforms.Build.0 = Release|x64
		{73FB2A1D-2036-489D-B23A-B606BB70D4F2}.Release|x64.ActiveCfg = Release|x64
		{73FB2A1D-2036-489D-B23A-B606BB70D4F2}.Release|x64.Build.0 = Release|x64
		{73FB2A1D-2036-489D-B23A-B606BB70D4F2}.Release|x86.ActiveCfg = Release|x86
		{73FB2A1D-2036-489D-B23A-B606BB70D4F2}.Release|x86.Build.0 = Release|x86
		{53C844EC-189B-4803-8128-48ED9964ADA8}.Debug|Any CPU.ActiveCfg = Debug|Any CPU
		{53C844EC-189B-4803-8128-48ED9964ADA8}.Debug|Any CPU.Build.0 = Debug|Any CPU
		{53C844EC-189B-4803-8128-48ED9964ADA8}.Debug|Mixed Platforms.ActiveCfg = Debug|Any CPU
		{53C844EC-189B-4803-8128-48ED9964ADA8}.Debug|Mixed Platforms.Build.0 = Debug|Any CPU
		{53C844EC-189B-4803-8128-48ED9964ADA8}.Debug|x64.ActiveCfg = Debug|x64
		{53C844EC-189B-4803-8128-48ED9964ADA8}.Debug|x64.Build.0 = Debug|x64
		{53C844EC-189B-4803-8128-48ED9964ADA8}.Debug|x86.ActiveCfg = Debug|x86
		{53C844EC-189B-4803-8128-48ED9964ADA8}.Debug|x86.Build.0 = Debug|x86
		{53C844EC-189B-4803-8128-48ED9964ADA8}.Debug-uptodate|Any CPU.ActiveCfg = Debug-uptodate|Any CPU
		{53C844EC-189B-4803-8128-48ED9964ADA8}.Debug-uptodate|Any CPU.Build.0 = Debug-uptodate|Any CPU
		{53C844EC-189B-4803-8128-48ED9964ADA8}.Debug-uptodate|Mixed Platforms.ActiveCfg = Debug-uptodate|x86
		{53C844EC-189B-4803-8128-48ED9964ADA8}.Debug-uptodate|Mixed Platforms.Build.0 = Debug-uptodate|x86
		{53C844EC-189B-4803-8128-48ED9964ADA8}.Debug-uptodate|x64.ActiveCfg = Debug-uptodate|x64
		{53C844EC-189B-4803-8128-48ED9964ADA8}.Debug-uptodate|x64.Build.0 = Debug-uptodate|x64
		{53C844EC-189B-4803-8128-48ED9964ADA8}.Debug-uptodate|x86.ActiveCfg = Debug-uptodate|x86
		{53C844EC-189B-4803-8128-48ED9964ADA8}.Debug-uptodate|x86.Build.0 = Debug-uptodate|x86
		{53C844EC-189B-4803-8128-48ED9964ADA8}.Release|Any CPU.ActiveCfg = Release|Any CPU
		{53C844EC-189B-4803-8128-48ED9964ADA8}.Release|Any CPU.Build.0 = Release|Any CPU
		{53C844EC-189B-4803-8128-48ED9964ADA8}.Release|Mixed Platforms.ActiveCfg = Release|x64
		{53C844EC-189B-4803-8128-48ED9964ADA8}.Release|Mixed Platforms.Build.0 = Release|x64
		{53C844EC-189B-4803-8128-48ED9964ADA8}.Release|x64.ActiveCfg = Release|x64
		{53C844EC-189B-4803-8128-48ED9964ADA8}.Release|x64.Build.0 = Release|x64
		{53C844EC-189B-4803-8128-48ED9964ADA8}.Release|x86.ActiveCfg = Release|x86
		{53C844EC-189B-4803-8128-48ED9964ADA8}.Release|x86.Build.0 = Release|x86
		{33093793-C4BA-4B89-AC82-6E9D00437452}.Debug|Any CPU.ActiveCfg = Debug|Any CPU
		{33093793-C4BA-4B89-AC82-6E9D00437452}.Debug|Any CPU.Build.0 = Debug|Any CPU
		{33093793-C4BA-4B89-AC82-6E9D00437452}.Debug|Mixed Platforms.ActiveCfg = Debug|Any CPU
		{33093793-C4BA-4B89-AC82-6E9D00437452}.Debug|Mixed Platforms.Build.0 = Debug|Any CPU
		{33093793-C4BA-4B89-AC82-6E9D00437452}.Debug|x64.ActiveCfg = Debug|x64
		{33093793-C4BA-4B89-AC82-6E9D00437452}.Debug|x64.Build.0 = Debug|x64
		{33093793-C4BA-4B89-AC82-6E9D00437452}.Debug|x86.ActiveCfg = Debug|x86
		{33093793-C4BA-4B89-AC82-6E9D00437452}.Debug|x86.Build.0 = Debug|x86
		{33093793-C4BA-4B89-AC82-6E9D00437452}.Debug-uptodate|Any CPU.ActiveCfg = Debug-uptodate|Any CPU
		{33093793-C4BA-4B89-AC82-6E9D00437452}.Debug-uptodate|Any CPU.Build.0 = Debug-uptodate|Any CPU
		{33093793-C4BA-4B89-AC82-6E9D00437452}.Debug-uptodate|Mixed Platforms.ActiveCfg = Debug-uptodate|x86
		{33093793-C4BA-4B89-AC82-6E9D00437452}.Debug-uptodate|Mixed Platforms.Build.0 = Debug-uptodate|x86
		{33093793-C4BA-4B89-AC82-6E9D00437452}.Debug-uptodate|x64.ActiveCfg = Debug-uptodate|x64
		{33093793-C4BA-4B89-AC82-6E9D00437452}.Debug-uptodate|x64.Build.0 = Debug-uptodate|x64
		{33093793-C4BA-4B89-AC82-6E9D00437452}.Debug-uptodate|x86.ActiveCfg = Debug-uptodate|x86
		{33093793-C4BA-4B89-AC82-6E9D00437452}.Debug-uptodate|x86.Build.0 = Debug-uptodate|x86
		{33093793-C4BA-4B89-AC82-6E9D00437452}.Release|Any CPU.ActiveCfg = Release|Any CPU
		{33093793-C4BA-4B89-AC82-6E9D00437452}.Release|Any CPU.Build.0 = Release|Any CPU
		{33093793-C4BA-4B89-AC82-6E9D00437452}.Release|Mixed Platforms.ActiveCfg = Release|x64
		{33093793-C4BA-4B89-AC82-6E9D00437452}.Release|Mixed Platforms.Build.0 = Release|x64
		{33093793-C4BA-4B89-AC82-6E9D00437452}.Release|x64.ActiveCfg = Release|x64
		{33093793-C4BA-4B89-AC82-6E9D00437452}.Release|x64.Build.0 = Release|x64
		{33093793-C4BA-4B89-AC82-6E9D00437452}.Release|x86.ActiveCfg = Release|x86
		{33093793-C4BA-4B89-AC82-6E9D00437452}.Release|x86.Build.0 = Release|x86
		{4BBBCB41-40E7-48DE-82C4-5CAF1CEF8CC3}.Debug|Any CPU.ActiveCfg = Debug|Any CPU
		{4BBBCB41-40E7-48DE-82C4-5CAF1CEF8CC3}.Debug|Any CPU.Build.0 = Debug|Any CPU
		{4BBBCB41-40E7-48DE-82C4-5CAF1CEF8CC3}.Debug|Mixed Platforms.ActiveCfg = Debug|x86
		{4BBBCB41-40E7-48DE-82C4-5CAF1CEF8CC3}.Debug|Mixed Platforms.Build.0 = Debug|x86
		{4BBBCB41-40E7-48DE-82C4-5CAF1CEF8CC3}.Debug|x64.ActiveCfg = Debug|x86
		{4BBBCB41-40E7-48DE-82C4-5CAF1CEF8CC3}.Debug|x86.ActiveCfg = Debug|x86
		{4BBBCB41-40E7-48DE-82C4-5CAF1CEF8CC3}.Debug|x86.Build.0 = Debug|x86
		{4BBBCB41-40E7-48DE-82C4-5CAF1CEF8CC3}.Debug-uptodate|Any CPU.ActiveCfg = Debug|Any CPU
		{4BBBCB41-40E7-48DE-82C4-5CAF1CEF8CC3}.Debug-uptodate|Mixed Platforms.ActiveCfg = Debug|x86
		{4BBBCB41-40E7-48DE-82C4-5CAF1CEF8CC3}.Debug-uptodate|x64.ActiveCfg = Release|x64
		{4BBBCB41-40E7-48DE-82C4-5CAF1CEF8CC3}.Debug-uptodate|x86.ActiveCfg = Debug|x86
		{4BBBCB41-40E7-48DE-82C4-5CAF1CEF8CC3}.Release|Any CPU.ActiveCfg = Release|Any CPU
		{4BBBCB41-40E7-48DE-82C4-5CAF1CEF8CC3}.Release|Any CPU.Build.0 = Release|Any CPU
		{4BBBCB41-40E7-48DE-82C4-5CAF1CEF8CC3}.Release|Mixed Platforms.ActiveCfg = Release|x86
		{4BBBCB41-40E7-48DE-82C4-5CAF1CEF8CC3}.Release|Mixed Platforms.Build.0 = Release|x86
		{4BBBCB41-40E7-48DE-82C4-5CAF1CEF8CC3}.Release|x64.ActiveCfg = Release|x64
		{4BBBCB41-40E7-48DE-82C4-5CAF1CEF8CC3}.Release|x64.Build.0 = Release|x64
		{4BBBCB41-40E7-48DE-82C4-5CAF1CEF8CC3}.Release|x86.ActiveCfg = Release|x86
		{4BBBCB41-40E7-48DE-82C4-5CAF1CEF8CC3}.Release|x86.Build.0 = Release|x86
		{8BFDD80E-9E64-4386-B676-ED3CFDF1B095}.Debug|Any CPU.ActiveCfg = Debug|Any CPU
		{8BFDD80E-9E64-4386-B676-ED3CFDF1B095}.Debug|Any CPU.Build.0 = Debug|Any CPU
		{8BFDD80E-9E64-4386-B676-ED3CFDF1B095}.Debug|Mixed Platforms.ActiveCfg = Debug|Any CPU
		{8BFDD80E-9E64-4386-B676-ED3CFDF1B095}.Debug|Mixed Platforms.Build.0 = Debug|Any CPU
		{8BFDD80E-9E64-4386-B676-ED3CFDF1B095}.Debug|x64.ActiveCfg = Debug|Any CPU
		{8BFDD80E-9E64-4386-B676-ED3CFDF1B095}.Debug|x86.ActiveCfg = Debug|x86
		{8BFDD80E-9E64-4386-B676-ED3CFDF1B095}.Debug|x86.Build.0 = Debug|x86
		{8BFDD80E-9E64-4386-B676-ED3CFDF1B095}.Debug-uptodate|Any CPU.ActiveCfg = Debug|Any CPU
		{8BFDD80E-9E64-4386-B676-ED3CFDF1B095}.Debug-uptodate|Mixed Platforms.ActiveCfg = Debug|x86
		{8BFDD80E-9E64-4386-B676-ED3CFDF1B095}.Debug-uptodate|x64.ActiveCfg = Release|x64
		{8BFDD80E-9E64-4386-B676-ED3CFDF1B095}.Debug-uptodate|x86.ActiveCfg = Debug|x86
		{8BFDD80E-9E64-4386-B676-ED3CFDF1B095}.Release|Any CPU.ActiveCfg = Release|Any CPU
		{8BFDD80E-9E64-4386-B676-ED3CFDF1B095}.Release|Any CPU.Build.0 = Release|Any CPU
		{8BFDD80E-9E64-4386-B676-ED3CFDF1B095}.Release|Mixed Platforms.ActiveCfg = Release|Any CPU
		{8BFDD80E-9E64-4386-B676-ED3CFDF1B095}.Release|Mixed Platforms.Build.0 = Release|Any CPU
		{8BFDD80E-9E64-4386-B676-ED3CFDF1B095}.Release|x64.ActiveCfg = Release|x64
		{8BFDD80E-9E64-4386-B676-ED3CFDF1B095}.Release|x64.Build.0 = Release|x64
		{8BFDD80E-9E64-4386-B676-ED3CFDF1B095}.Release|x86.ActiveCfg = Release|Any CPU
		{4545DDDA-F936-4797-A77A-98F08169D3FC}.Debug|Any CPU.ActiveCfg = Debug|Any CPU
		{4545DDDA-F936-4797-A77A-98F08169D3FC}.Debug|Any CPU.Build.0 = Debug|Any CPU
		{4545DDDA-F936-4797-A77A-98F08169D3FC}.Debug|Mixed Platforms.ActiveCfg = Debug|Any CPU
		{4545DDDA-F936-4797-A77A-98F08169D3FC}.Debug|Mixed Platforms.Build.0 = Debug|Any CPU
		{4545DDDA-F936-4797-A77A-98F08169D3FC}.Debug|x64.ActiveCfg = Debug|Any CPU
		{4545DDDA-F936-4797-A77A-98F08169D3FC}.Debug|x86.ActiveCfg = Debug|x86
		{4545DDDA-F936-4797-A77A-98F08169D3FC}.Debug|x86.Build.0 = Debug|x86
		{4545DDDA-F936-4797-A77A-98F08169D3FC}.Debug-uptodate|Any CPU.ActiveCfg = Debug|Any CPU
		{4545DDDA-F936-4797-A77A-98F08169D3FC}.Debug-uptodate|Mixed Platforms.ActiveCfg = Debug|x86
		{4545DDDA-F936-4797-A77A-98F08169D3FC}.Debug-uptodate|x64.ActiveCfg = Release|x64
		{4545DDDA-F936-4797-A77A-98F08169D3FC}.Debug-uptodate|x86.ActiveCfg = Debug|x86
		{4545DDDA-F936-4797-A77A-98F08169D3FC}.Release|Any CPU.ActiveCfg = Release|Any CPU
		{4545DDDA-F936-4797-A77A-98F08169D3FC}.Release|Any CPU.Build.0 = Release|Any CPU
		{4545DDDA-F936-4797-A77A-98F08169D3FC}.Release|Mixed Platforms.ActiveCfg = Release|Any CPU
		{4545DDDA-F936-4797-A77A-98F08169D3FC}.Release|Mixed Platforms.Build.0 = Release|Any CPU
		{4545DDDA-F936-4797-A77A-98F08169D3FC}.Release|x64.ActiveCfg = Release|x64
		{4545DDDA-F936-4797-A77A-98F08169D3FC}.Release|x64.Build.0 = Release|x64
		{4545DDDA-F936-4797-A77A-98F08169D3FC}.Release|x86.ActiveCfg = Release|x86
		{4545DDDA-F936-4797-A77A-98F08169D3FC}.Release|x86.Build.0 = Release|x86
		{1BFB9518-1687-420E-A7F0-2B4B46BF8B99}.Debug|Any CPU.ActiveCfg = Debug|x86
		{1BFB9518-1687-420E-A7F0-2B4B46BF8B99}.Debug|Mixed Platforms.ActiveCfg = Debug|x86
		{1BFB9518-1687-420E-A7F0-2B4B46BF8B99}.Debug|Mixed Platforms.Build.0 = Debug|x86
		{1BFB9518-1687-420E-A7F0-2B4B46BF8B99}.Debug|x64.ActiveCfg = Debug|x86
		{1BFB9518-1687-420E-A7F0-2B4B46BF8B99}.Debug|x86.ActiveCfg = Debug|x86
		{1BFB9518-1687-420E-A7F0-2B4B46BF8B99}.Debug|x86.Build.0 = Debug|x86
		{1BFB9518-1687-420E-A7F0-2B4B46BF8B99}.Debug-uptodate|Any CPU.ActiveCfg = Release|Any CPU
		{1BFB9518-1687-420E-A7F0-2B4B46BF8B99}.Debug-uptodate|Mixed Platforms.ActiveCfg = Debug|x86
		{1BFB9518-1687-420E-A7F0-2B4B46BF8B99}.Debug-uptodate|x64.ActiveCfg = Release|x64
		{1BFB9518-1687-420E-A7F0-2B4B46BF8B99}.Debug-uptodate|x86.ActiveCfg = Debug|x86
		{1BFB9518-1687-420E-A7F0-2B4B46BF8B99}.Release|Any CPU.ActiveCfg = Release|Any CPU
		{1BFB9518-1687-420E-A7F0-2B4B46BF8B99}.Release|Any CPU.Build.0 = Release|Any CPU
		{1BFB9518-1687-420E-A7F0-2B4B46BF8B99}.Release|Mixed Platforms.ActiveCfg = Release|x86
		{1BFB9518-1687-420E-A7F0-2B4B46BF8B99}.Release|Mixed Platforms.Build.0 = Release|x86
		{1BFB9518-1687-420E-A7F0-2B4B46BF8B99}.Release|x64.ActiveCfg = Release|x64
		{1BFB9518-1687-420E-A7F0-2B4B46BF8B99}.Release|x64.Build.0 = Release|x64
		{1BFB9518-1687-420E-A7F0-2B4B46BF8B99}.Release|x86.ActiveCfg = Release|x86
		{1BFB9518-1687-420E-A7F0-2B4B46BF8B99}.Release|x86.Build.0 = Release|x86
		{380D57C1-2AB3-497A-A47A-3DBBA034EF37}.Debug|Any CPU.ActiveCfg = Debug|Any CPU
		{380D57C1-2AB3-497A-A47A-3DBBA034EF37}.Debug|Any CPU.Build.0 = Debug|Any CPU
		{380D57C1-2AB3-497A-A47A-3DBBA034EF37}.Debug|Mixed Platforms.ActiveCfg = Debug|Any CPU
		{380D57C1-2AB3-497A-A47A-3DBBA034EF37}.Debug|Mixed Platforms.Build.0 = Debug|Any CPU
		{380D57C1-2AB3-497A-A47A-3DBBA034EF37}.Debug|x64.ActiveCfg = Debug|Any CPU
		{380D57C1-2AB3-497A-A47A-3DBBA034EF37}.Debug|x86.ActiveCfg = Debug|x86
		{380D57C1-2AB3-497A-A47A-3DBBA034EF37}.Debug|x86.Build.0 = Debug|x86
		{380D57C1-2AB3-497A-A47A-3DBBA034EF37}.Debug-uptodate|Any CPU.ActiveCfg = Debug|Any CPU
		{380D57C1-2AB3-497A-A47A-3DBBA034EF37}.Debug-uptodate|Mixed Platforms.ActiveCfg = Debug|x86
		{380D57C1-2AB3-497A-A47A-3DBBA034EF37}.Debug-uptodate|x64.ActiveCfg = Release|x64
		{380D57C1-2AB3-497A-A47A-3DBBA034EF37}.Debug-uptodate|x86.ActiveCfg = Debug|x86
		{380D57C1-2AB3-497A-A47A-3DBBA034EF37}.Release|Any CPU.ActiveCfg = Release|Any CPU
		{380D57C1-2AB3-497A-A47A-3DBBA034EF37}.Release|Any CPU.Build.0 = Release|Any CPU
		{380D57C1-2AB3-497A-A47A-3DBBA034EF37}.Release|Mixed Platforms.ActiveCfg = Release|Any CPU
		{380D57C1-2AB3-497A-A47A-3DBBA034EF37}.Release|Mixed Platforms.Build.0 = Release|Any CPU
		{380D57C1-2AB3-497A-A47A-3DBBA034EF37}.Release|x64.ActiveCfg = Release|x64
		{380D57C1-2AB3-497A-A47A-3DBBA034EF37}.Release|x64.Build.0 = Release|x64
		{380D57C1-2AB3-497A-A47A-3DBBA034EF37}.Release|x86.ActiveCfg = Release|Any CPU
		{380D57C1-2AB3-497A-A47A-3DBBA034EF37}.Release|x86.Build.0 = Release|Any CPU
		{468ADEDE-6F5E-40C0-99C9-C6DAC4FAC934}.Debug|Any CPU.ActiveCfg = Debug|Any CPU
		{468ADEDE-6F5E-40C0-99C9-C6DAC4FAC934}.Debug|Any CPU.Build.0 = Debug|Any CPU
		{468ADEDE-6F5E-40C0-99C9-C6DAC4FAC934}.Debug|Mixed Platforms.ActiveCfg = Debug|Any CPU
		{468ADEDE-6F5E-40C0-99C9-C6DAC4FAC934}.Debug|Mixed Platforms.Build.0 = Debug|Any CPU
		{468ADEDE-6F5E-40C0-99C9-C6DAC4FAC934}.Debug|x64.ActiveCfg = Debug|Any CPU
		{468ADEDE-6F5E-40C0-99C9-C6DAC4FAC934}.Debug|x86.ActiveCfg = Debug|x86
		{468ADEDE-6F5E-40C0-99C9-C6DAC4FAC934}.Debug|x86.Build.0 = Debug|x86
		{468ADEDE-6F5E-40C0-99C9-C6DAC4FAC934}.Debug-uptodate|Any CPU.ActiveCfg = Debug|Any CPU
		{468ADEDE-6F5E-40C0-99C9-C6DAC4FAC934}.Debug-uptodate|Mixed Platforms.ActiveCfg = Debug|x86
		{468ADEDE-6F5E-40C0-99C9-C6DAC4FAC934}.Debug-uptodate|x64.ActiveCfg = Debug|Any CPU
		{468ADEDE-6F5E-40C0-99C9-C6DAC4FAC934}.Debug-uptodate|x86.ActiveCfg = Debug|x86
		{468ADEDE-6F5E-40C0-99C9-C6DAC4FAC934}.Release|Any CPU.ActiveCfg = Release|Any CPU
		{468ADEDE-6F5E-40C0-99C9-C6DAC4FAC934}.Release|Any CPU.Build.0 = Release|Any CPU
		{468ADEDE-6F5E-40C0-99C9-C6DAC4FAC934}.Release|Mixed Platforms.ActiveCfg = Release|Any CPU
		{468ADEDE-6F5E-40C0-99C9-C6DAC4FAC934}.Release|Mixed Platforms.Build.0 = Release|Any CPU
		{468ADEDE-6F5E-40C0-99C9-C6DAC4FAC934}.Release|x64.ActiveCfg = Release|Any CPU
		{468ADEDE-6F5E-40C0-99C9-C6DAC4FAC934}.Release|x86.ActiveCfg = Release|Any CPU
		{A0BFF0DB-ED9A-4639-AE86-8E709A1EFC66}.Debug|Any CPU.ActiveCfg = Debug|Any CPU
		{A0BFF0DB-ED9A-4639-AE86-8E709A1EFC66}.Debug|Any CPU.Build.0 = Debug|Any CPU
		{A0BFF0DB-ED9A-4639-AE86-8E709A1EFC66}.Debug|Mixed Platforms.ActiveCfg = Debug|Any CPU
		{A0BFF0DB-ED9A-4639-AE86-8E709A1EFC66}.Debug|Mixed Platforms.Build.0 = Debug|Any CPU
		{A0BFF0DB-ED9A-4639-AE86-8E709A1EFC66}.Debug|x64.ActiveCfg = Debug|Any CPU
		{A0BFF0DB-ED9A-4639-AE86-8E709A1EFC66}.Debug|x86.ActiveCfg = Debug|x86
		{A0BFF0DB-ED9A-4639-AE86-8E709A1EFC66}.Debug|x86.Build.0 = Debug|x86
		{A0BFF0DB-ED9A-4639-AE86-8E709A1EFC66}.Debug-uptodate|Any CPU.ActiveCfg = Debug-uptodate|Any CPU
		{A0BFF0DB-ED9A-4639-AE86-8E709A1EFC66}.Debug-uptodate|Any CPU.Build.0 = Debug-uptodate|Any CPU
		{A0BFF0DB-ED9A-4639-AE86-8E709A1EFC66}.Debug-uptodate|Mixed Platforms.ActiveCfg = Debug-uptodate|x86
		{A0BFF0DB-ED9A-4639-AE86-8E709A1EFC66}.Debug-uptodate|Mixed Platforms.Build.0 = Debug-uptodate|x86
		{A0BFF0DB-ED9A-4639-AE86-8E709A1EFC66}.Debug-uptodate|x64.ActiveCfg = Debug-uptodate|x64
		{A0BFF0DB-ED9A-4639-AE86-8E709A1EFC66}.Debug-uptodate|x64.Build.0 = Debug-uptodate|x64
		{A0BFF0DB-ED9A-4639-AE86-8E709A1EFC66}.Debug-uptodate|x86.ActiveCfg = Debug-uptodate|x86
		{A0BFF0DB-ED9A-4639-AE86-8E709A1EFC66}.Debug-uptodate|x86.Build.0 = Debug-uptodate|x86
		{A0BFF0DB-ED9A-4639-AE86-8E709A1EFC66}.Release|Any CPU.ActiveCfg = Release|Any CPU
		{A0BFF0DB-ED9A-4639-AE86-8E709A1EFC66}.Release|Any CPU.Build.0 = Release|Any CPU
		{A0BFF0DB-ED9A-4639-AE86-8E709A1EFC66}.Release|Mixed Platforms.ActiveCfg = Release|Any CPU
		{A0BFF0DB-ED9A-4639-AE86-8E709A1EFC66}.Release|Mixed Platforms.Build.0 = Release|Any CPU
		{A0BFF0DB-ED9A-4639-AE86-8E709A1EFC66}.Release|x64.ActiveCfg = Release|x64
		{A0BFF0DB-ED9A-4639-AE86-8E709A1EFC66}.Release|x64.Build.0 = Release|x64
		{A0BFF0DB-ED9A-4639-AE86-8E709A1EFC66}.Release|x86.ActiveCfg = Release|x86
		{A0BFF0DB-ED9A-4639-AE86-8E709A1EFC66}.Release|x86.Build.0 = Release|x86
		{E7406629-E127-4B96-8F29-287947075631}.Debug|Any CPU.ActiveCfg = Debug|Any CPU
		{E7406629-E127-4B96-8F29-287947075631}.Debug|Any CPU.Build.0 = Debug|Any CPU
		{E7406629-E127-4B96-8F29-287947075631}.Debug|Mixed Platforms.ActiveCfg = Debug|Any CPU
		{E7406629-E127-4B96-8F29-287947075631}.Debug|Mixed Platforms.Build.0 = Debug|Any CPU
		{E7406629-E127-4B96-8F29-287947075631}.Debug|x64.ActiveCfg = Debug|Any CPU
		{E7406629-E127-4B96-8F29-287947075631}.Debug|x86.ActiveCfg = Debug|x86
		{E7406629-E127-4B96-8F29-287947075631}.Debug|x86.Build.0 = Debug|x86
		{E7406629-E127-4B96-8F29-287947075631}.Debug-uptodate|Any CPU.ActiveCfg = Debug-uptodate|Any CPU
		{E7406629-E127-4B96-8F29-287947075631}.Debug-uptodate|Any CPU.Build.0 = Debug-uptodate|Any CPU
		{E7406629-E127-4B96-8F29-287947075631}.Debug-uptodate|Mixed Platforms.ActiveCfg = Debug-uptodate|x86
		{E7406629-E127-4B96-8F29-287947075631}.Debug-uptodate|Mixed Platforms.Build.0 = Debug-uptodate|x86
		{E7406629-E127-4B96-8F29-287947075631}.Debug-uptodate|x64.ActiveCfg = Debug-uptodate|x64
		{E7406629-E127-4B96-8F29-287947075631}.Debug-uptodate|x64.Build.0 = Debug-uptodate|x64
		{E7406629-E127-4B96-8F29-287947075631}.Debug-uptodate|x86.ActiveCfg = Debug-uptodate|x86
		{E7406629-E127-4B96-8F29-287947075631}.Debug-uptodate|x86.Build.0 = Debug-uptodate|x86
		{E7406629-E127-4B96-8F29-287947075631}.Release|Any CPU.ActiveCfg = Release|Any CPU
		{E7406629-E127-4B96-8F29-287947075631}.Release|Any CPU.Build.0 = Release|Any CPU
		{E7406629-E127-4B96-8F29-287947075631}.Release|Mixed Platforms.ActiveCfg = Release|Any CPU
		{E7406629-E127-4B96-8F29-287947075631}.Release|Mixed Platforms.Build.0 = Release|Any CPU
		{E7406629-E127-4B96-8F29-287947075631}.Release|x64.ActiveCfg = Release|x64
		{E7406629-E127-4B96-8F29-287947075631}.Release|x64.Build.0 = Release|x64
		{E7406629-E127-4B96-8F29-287947075631}.Release|x86.ActiveCfg = Release|Any CPU
		{8785E18F-243C-4D1C-AD5C-5519E81F4104}.Debug|Any CPU.ActiveCfg = Debug|x86
		{8785E18F-243C-4D1C-AD5C-5519E81F4104}.Debug|Mixed Platforms.ActiveCfg = Debug|x86
		{8785E18F-243C-4D1C-AD5C-5519E81F4104}.Debug|Mixed Platforms.Build.0 = Debug|x86
		{8785E18F-243C-4D1C-AD5C-5519E81F4104}.Debug|x64.ActiveCfg = Debug|x86
		{8785E18F-243C-4D1C-AD5C-5519E81F4104}.Debug|x86.ActiveCfg = Debug|x86
		{8785E18F-243C-4D1C-AD5C-5519E81F4104}.Debug|x86.Build.0 = Debug|x86
		{8785E18F-243C-4D1C-AD5C-5519E81F4104}.Debug-uptodate|Any CPU.ActiveCfg = Release|x86
		{8785E18F-243C-4D1C-AD5C-5519E81F4104}.Debug-uptodate|Mixed Platforms.ActiveCfg = Debug|x86
		{8785E18F-243C-4D1C-AD5C-5519E81F4104}.Debug-uptodate|x64.ActiveCfg = Release|x86
		{8785E18F-243C-4D1C-AD5C-5519E81F4104}.Debug-uptodate|x86.ActiveCfg = Debug|x86
		{8785E18F-243C-4D1C-AD5C-5519E81F4104}.Release|Any CPU.ActiveCfg = Release|x86
		{8785E18F-243C-4D1C-AD5C-5519E81F4104}.Release|Mixed Platforms.ActiveCfg = Release|x86
		{8785E18F-243C-4D1C-AD5C-5519E81F4104}.Release|Mixed Platforms.Build.0 = Release|x86
		{8785E18F-243C-4D1C-AD5C-5519E81F4104}.Release|x64.ActiveCfg = Release|x86
		{8785E18F-243C-4D1C-AD5C-5519E81F4104}.Release|x86.ActiveCfg = Release|x86
		{8785E18F-243C-4D1C-AD5C-5519E81F4104}.Release|x86.Build.0 = Release|x86
		{72E591D6-8F83-4D8C-8F67-9C325E623234}.Debug|Any CPU.ActiveCfg = Debug|Any CPU
		{72E591D6-8F83-4D8C-8F67-9C325E623234}.Debug|Any CPU.Build.0 = Debug|Any CPU
		{72E591D6-8F83-4D8C-8F67-9C325E623234}.Debug|Mixed Platforms.ActiveCfg = Debug|Any CPU
		{72E591D6-8F83-4D8C-8F67-9C325E623234}.Debug|Mixed Platforms.Build.0 = Debug|Any CPU
		{72E591D6-8F83-4D8C-8F67-9C325E623234}.Debug|x64.ActiveCfg = Debug|Any CPU
		{72E591D6-8F83-4D8C-8F67-9C325E623234}.Debug|x86.ActiveCfg = Debug|Any CPU
		{72E591D6-8F83-4D8C-8F67-9C325E623234}.Debug-uptodate|Any CPU.ActiveCfg = Debug|Any CPU
		{72E591D6-8F83-4D8C-8F67-9C325E623234}.Debug-uptodate|Mixed Platforms.ActiveCfg = Debug|Any CPU
		{72E591D6-8F83-4D8C-8F67-9C325E623234}.Debug-uptodate|x64.ActiveCfg = Debug|Any CPU
		{72E591D6-8F83-4D8C-8F67-9C325E623234}.Debug-uptodate|x86.ActiveCfg = Debug|Any CPU
		{72E591D6-8F83-4D8C-8F67-9C325E623234}.Release|Any CPU.ActiveCfg = Release|Any CPU
		{72E591D6-8F83-4D8C-8F67-9C325E623234}.Release|Any CPU.Build.0 = Release|Any CPU
		{72E591D6-8F83-4D8C-8F67-9C325E623234}.Release|Mixed Platforms.ActiveCfg = Release|Any CPU
		{72E591D6-8F83-4D8C-8F67-9C325E623234}.Release|Mixed Platforms.Build.0 = Release|Any CPU
		{72E591D6-8F83-4D8C-8F67-9C325E623234}.Release|x64.ActiveCfg = Release|Any CPU
		{72E591D6-8F83-4D8C-8F67-9C325E623234}.Release|x86.ActiveCfg = Release|Any CPU
		{DB81988F-E0F2-45A0-A1FD-8C37F3D35244}.Debug|Any CPU.ActiveCfg = Debug|Any CPU
		{DB81988F-E0F2-45A0-A1FD-8C37F3D35244}.Debug|Any CPU.Build.0 = Debug|Any CPU
		{DB81988F-E0F2-45A0-A1FD-8C37F3D35244}.Debug|Mixed Platforms.ActiveCfg = Debug|x64
		{DB81988F-E0F2-45A0-A1FD-8C37F3D35244}.Debug|Mixed Platforms.Build.0 = Debug|x64
		{DB81988F-E0F2-45A0-A1FD-8C37F3D35244}.Debug|x64.ActiveCfg = Debug|x64
		{DB81988F-E0F2-45A0-A1FD-8C37F3D35244}.Debug|x64.Build.0 = Debug|x64
		{DB81988F-E0F2-45A0-A1FD-8C37F3D35244}.Debug|x86.ActiveCfg = Debug|x86
		{DB81988F-E0F2-45A0-A1FD-8C37F3D35244}.Debug|x86.Build.0 = Debug|x86
		{DB81988F-E0F2-45A0-A1FD-8C37F3D35244}.Debug-uptodate|Any CPU.ActiveCfg = Debug|Any CPU
		{DB81988F-E0F2-45A0-A1FD-8C37F3D35244}.Debug-uptodate|Mixed Platforms.ActiveCfg = Debug|x86
		{DB81988F-E0F2-45A0-A1FD-8C37F3D35244}.Debug-uptodate|x64.ActiveCfg = Debug|x64
		{DB81988F-E0F2-45A0-A1FD-8C37F3D35244}.Debug-uptodate|x86.ActiveCfg = Debug|x86
		{DB81988F-E0F2-45A0-A1FD-8C37F3D35244}.Release|Any CPU.ActiveCfg = Release|Any CPU
		{DB81988F-E0F2-45A0-A1FD-8C37F3D35244}.Release|Any CPU.Build.0 = Release|Any CPU
		{DB81988F-E0F2-45A0-A1FD-8C37F3D35244}.Release|Mixed Platforms.ActiveCfg = Release|x64
		{DB81988F-E0F2-45A0-A1FD-8C37F3D35244}.Release|Mixed Platforms.Build.0 = Release|x64
		{DB81988F-E0F2-45A0-A1FD-8C37F3D35244}.Release|x64.ActiveCfg = Release|x64
		{DB81988F-E0F2-45A0-A1FD-8C37F3D35244}.Release|x64.Build.0 = Release|x64
		{DB81988F-E0F2-45A0-A1FD-8C37F3D35244}.Release|x86.ActiveCfg = Release|x86
		{DB81988F-E0F2-45A0-A1FD-8C37F3D35244}.Release|x86.Build.0 = Release|x86
		{E1DB2171-4ADB-47E1-8827-47B6CAA6BE70}.Debug|Any CPU.ActiveCfg = Debug|Any CPU
		{E1DB2171-4ADB-47E1-8827-47B6CAA6BE70}.Debug|Any CPU.Build.0 = Debug|Any CPU
		{E1DB2171-4ADB-47E1-8827-47B6CAA6BE70}.Debug|Mixed Platforms.ActiveCfg = Debug|Any CPU
		{E1DB2171-4ADB-47E1-8827-47B6CAA6BE70}.Debug|Mixed Platforms.Build.0 = Debug|Any CPU
		{E1DB2171-4ADB-47E1-8827-47B6CAA6BE70}.Debug|x64.ActiveCfg = Debug|x86
		{E1DB2171-4ADB-47E1-8827-47B6CAA6BE70}.Debug|x86.ActiveCfg = Debug|x86
		{E1DB2171-4ADB-47E1-8827-47B6CAA6BE70}.Debug|x86.Build.0 = Debug|x86
		{E1DB2171-4ADB-47E1-8827-47B6CAA6BE70}.Debug-uptodate|Any CPU.ActiveCfg = Debug|Any CPU
		{E1DB2171-4ADB-47E1-8827-47B6CAA6BE70}.Debug-uptodate|Mixed Platforms.ActiveCfg = Debug|x86
		{E1DB2171-4ADB-47E1-8827-47B6CAA6BE70}.Debug-uptodate|x64.ActiveCfg = Debug|Any CPU
		{E1DB2171-4ADB-47E1-8827-47B6CAA6BE70}.Debug-uptodate|x86.ActiveCfg = Debug|x86
		{E1DB2171-4ADB-47E1-8827-47B6CAA6BE70}.Release|Any CPU.ActiveCfg = Release|Any CPU
		{E1DB2171-4ADB-47E1-8827-47B6CAA6BE70}.Release|Any CPU.Build.0 = Release|Any CPU
		{E1DB2171-4ADB-47E1-8827-47B6CAA6BE70}.Release|Mixed Platforms.ActiveCfg = Release|Any CPU
		{E1DB2171-4ADB-47E1-8827-47B6CAA6BE70}.Release|Mixed Platforms.Build.0 = Release|Any CPU
		{E1DB2171-4ADB-47E1-8827-47B6CAA6BE70}.Release|x64.ActiveCfg = Release|x86
		{E1DB2171-4ADB-47E1-8827-47B6CAA6BE70}.Release|x86.ActiveCfg = Release|x86
		{E1DB2171-4ADB-47E1-8827-47B6CAA6BE70}.Release|x86.Build.0 = Release|x86
		{23616127-D1F0-4AB8-B1E8-EC42C1578F6D}.Debug|Any CPU.ActiveCfg = Debug|Any CPU
		{23616127-D1F0-4AB8-B1E8-EC42C1578F6D}.Debug|Any CPU.Build.0 = Debug|Any CPU
		{23616127-D1F0-4AB8-B1E8-EC42C1578F6D}.Debug|Mixed Platforms.ActiveCfg = Debug|Any CPU
		{23616127-D1F0-4AB8-B1E8-EC42C1578F6D}.Debug|Mixed Platforms.Build.0 = Debug|Any CPU
		{23616127-D1F0-4AB8-B1E8-EC42C1578F6D}.Debug|x64.ActiveCfg = Debug|x64
		{23616127-D1F0-4AB8-B1E8-EC42C1578F6D}.Debug|x64.Build.0 = Debug|x64
		{23616127-D1F0-4AB8-B1E8-EC42C1578F6D}.Debug|x86.ActiveCfg = Debug|x86
		{23616127-D1F0-4AB8-B1E8-EC42C1578F6D}.Debug|x86.Build.0 = Debug|x86
		{23616127-D1F0-4AB8-B1E8-EC42C1578F6D}.Debug-uptodate|Any CPU.ActiveCfg = Debug|Any CPU
		{23616127-D1F0-4AB8-B1E8-EC42C1578F6D}.Debug-uptodate|Mixed Platforms.ActiveCfg = Debug|x86
		{23616127-D1F0-4AB8-B1E8-EC42C1578F6D}.Debug-uptodate|x64.ActiveCfg = Debug|x64
		{23616127-D1F0-4AB8-B1E8-EC42C1578F6D}.Debug-uptodate|x86.ActiveCfg = Debug|x86
		{23616127-D1F0-4AB8-B1E8-EC42C1578F6D}.Release|Any CPU.ActiveCfg = Release|Any CPU
		{23616127-D1F0-4AB8-B1E8-EC42C1578F6D}.Release|Any CPU.Build.0 = Release|Any CPU
		{23616127-D1F0-4AB8-B1E8-EC42C1578F6D}.Release|Mixed Platforms.ActiveCfg = Release|Any CPU
		{23616127-D1F0-4AB8-B1E8-EC42C1578F6D}.Release|Mixed Platforms.Build.0 = Release|Any CPU
		{23616127-D1F0-4AB8-B1E8-EC42C1578F6D}.Release|x64.ActiveCfg = Release|x64
		{23616127-D1F0-4AB8-B1E8-EC42C1578F6D}.Release|x64.Build.0 = Release|x64
		{23616127-D1F0-4AB8-B1E8-EC42C1578F6D}.Release|x86.ActiveCfg = Release|x86
		{23616127-D1F0-4AB8-B1E8-EC42C1578F6D}.Release|x86.Build.0 = Release|x86
		{D91BCC72-4891-40C1-A1EF-D3F2BC76914D}.Debug|Any CPU.ActiveCfg = Debug|Any CPU
		{D91BCC72-4891-40C1-A1EF-D3F2BC76914D}.Debug|Any CPU.Build.0 = Debug|Any CPU
		{D91BCC72-4891-40C1-A1EF-D3F2BC76914D}.Debug|Mixed Platforms.ActiveCfg = Debug|Any CPU
		{D91BCC72-4891-40C1-A1EF-D3F2BC76914D}.Debug|Mixed Platforms.Build.0 = Debug|Any CPU
		{D91BCC72-4891-40C1-A1EF-D3F2BC76914D}.Debug|x64.ActiveCfg = Debug|x64
		{D91BCC72-4891-40C1-A1EF-D3F2BC76914D}.Debug|x64.Build.0 = Debug|x64
		{D91BCC72-4891-40C1-A1EF-D3F2BC76914D}.Debug|x86.ActiveCfg = Debug|x64
		{D91BCC72-4891-40C1-A1EF-D3F2BC76914D}.Debug-uptodate|Any CPU.ActiveCfg = Debug|Any CPU
		{D91BCC72-4891-40C1-A1EF-D3F2BC76914D}.Debug-uptodate|Mixed Platforms.ActiveCfg = Debug|Any CPU
		{D91BCC72-4891-40C1-A1EF-D3F2BC76914D}.Debug-uptodate|x64.ActiveCfg = Debug|x64
		{D91BCC72-4891-40C1-A1EF-D3F2BC76914D}.Debug-uptodate|x86.ActiveCfg = Debug|Any CPU
		{D91BCC72-4891-40C1-A1EF-D3F2BC76914D}.Release|Any CPU.ActiveCfg = Release|Any CPU
		{D91BCC72-4891-40C1-A1EF-D3F2BC76914D}.Release|Any CPU.Build.0 = Release|Any CPU
		{D91BCC72-4891-40C1-A1EF-D3F2BC76914D}.Release|Mixed Platforms.ActiveCfg = Release|Any CPU
		{D91BCC72-4891-40C1-A1EF-D3F2BC76914D}.Release|Mixed Platforms.Build.0 = Release|Any CPU
		{D91BCC72-4891-40C1-A1EF-D3F2BC76914D}.Release|x64.ActiveCfg = Release|x64
		{D91BCC72-4891-40C1-A1EF-D3F2BC76914D}.Release|x64.Build.0 = Release|x64
		{D91BCC72-4891-40C1-A1EF-D3F2BC76914D}.Release|x86.ActiveCfg = Release|x64
		{E6CC3639-4492-4FB4-92F6-49F138688560}.Debug|Any CPU.ActiveCfg = Debug|Any CPU
		{E6CC3639-4492-4FB4-92F6-49F138688560}.Debug|Any CPU.Build.0 = Debug|Any CPU
		{E6CC3639-4492-4FB4-92F6-49F138688560}.Debug|Mixed Platforms.ActiveCfg = Debug|Any CPU
		{E6CC3639-4492-4FB4-92F6-49F138688560}.Debug|Mixed Platforms.Build.0 = Debug|Any CPU
		{E6CC3639-4492-4FB4-92F6-49F138688560}.Debug|x64.ActiveCfg = Debug|Any CPU
		{E6CC3639-4492-4FB4-92F6-49F138688560}.Debug|x86.ActiveCfg = Debug|x86
		{E6CC3639-4492-4FB4-92F6-49F138688560}.Debug-uptodate|Any CPU.ActiveCfg = Debug|Any CPU
		{E6CC3639-4492-4FB4-92F6-49F138688560}.Debug-uptodate|Mixed Platforms.ActiveCfg = Debug|x86
		{E6CC3639-4492-4FB4-92F6-49F138688560}.Debug-uptodate|x64.ActiveCfg = Debug|Any CPU
		{E6CC3639-4492-4FB4-92F6-49F138688560}.Debug-uptodate|x86.ActiveCfg = Debug|x86
		{E6CC3639-4492-4FB4-92F6-49F138688560}.Release|Any CPU.ActiveCfg = Release|Any CPU
		{E6CC3639-4492-4FB4-92F6-49F138688560}.Release|Any CPU.Build.0 = Release|Any CPU
		{E6CC3639-4492-4FB4-92F6-49F138688560}.Release|Mixed Platforms.ActiveCfg = Release|Any CPU
		{E6CC3639-4492-4FB4-92F6-49F138688560}.Release|Mixed Platforms.Build.0 = Release|Any CPU
		{E6CC3639-4492-4FB4-92F6-49F138688560}.Release|x64.ActiveCfg = Release|Any CPU
		{E6CC3639-4492-4FB4-92F6-49F138688560}.Release|x86.ActiveCfg = Release|Any CPU
		{BCF93302-7EEB-4ECE-9EC2-033B51747192}.Debug|Any CPU.ActiveCfg = Debug|Any CPU
		{BCF93302-7EEB-4ECE-9EC2-033B51747192}.Debug|Any CPU.Build.0 = Debug|Any CPU
		{BCF93302-7EEB-4ECE-9EC2-033B51747192}.Debug|Mixed Platforms.ActiveCfg = Debug|x86
		{BCF93302-7EEB-4ECE-9EC2-033B51747192}.Debug|Mixed Platforms.Build.0 = Debug|x86
		{BCF93302-7EEB-4ECE-9EC2-033B51747192}.Debug|x64.ActiveCfg = Debug|x64
		{BCF93302-7EEB-4ECE-9EC2-033B51747192}.Debug|x64.Build.0 = Debug|x64
		{BCF93302-7EEB-4ECE-9EC2-033B51747192}.Debug|x86.ActiveCfg = Debug|x86
		{BCF93302-7EEB-4ECE-9EC2-033B51747192}.Debug|x86.Build.0 = Debug|x86
		{BCF93302-7EEB-4ECE-9EC2-033B51747192}.Debug-uptodate|Any CPU.ActiveCfg = Debug-uptodate|Any CPU
		{BCF93302-7EEB-4ECE-9EC2-033B51747192}.Debug-uptodate|Any CPU.Build.0 = Debug-uptodate|Any CPU
		{BCF93302-7EEB-4ECE-9EC2-033B51747192}.Debug-uptodate|Mixed Platforms.ActiveCfg = Debug-uptodate|x86
		{BCF93302-7EEB-4ECE-9EC2-033B51747192}.Debug-uptodate|Mixed Platforms.Build.0 = Debug-uptodate|x86
		{BCF93302-7EEB-4ECE-9EC2-033B51747192}.Debug-uptodate|x64.ActiveCfg = Debug-uptodate|x64
		{BCF93302-7EEB-4ECE-9EC2-033B51747192}.Debug-uptodate|x64.Build.0 = Debug-uptodate|x64
		{BCF93302-7EEB-4ECE-9EC2-033B51747192}.Debug-uptodate|x86.ActiveCfg = Debug-uptodate|x86
		{BCF93302-7EEB-4ECE-9EC2-033B51747192}.Debug-uptodate|x86.Build.0 = Debug-uptodate|x86
		{BCF93302-7EEB-4ECE-9EC2-033B51747192}.Release|Any CPU.ActiveCfg = Release|Any CPU
		{BCF93302-7EEB-4ECE-9EC2-033B51747192}.Release|Any CPU.Build.0 = Release|Any CPU
		{BCF93302-7EEB-4ECE-9EC2-033B51747192}.Release|Mixed Platforms.ActiveCfg = Release|x86
		{BCF93302-7EEB-4ECE-9EC2-033B51747192}.Release|Mixed Platforms.Build.0 = Release|x86
		{BCF93302-7EEB-4ECE-9EC2-033B51747192}.Release|x64.ActiveCfg = Release|x64
		{BCF93302-7EEB-4ECE-9EC2-033B51747192}.Release|x64.Build.0 = Release|x64
		{BCF93302-7EEB-4ECE-9EC2-033B51747192}.Release|x86.ActiveCfg = Release|x86
		{BCF93302-7EEB-4ECE-9EC2-033B51747192}.Release|x86.Build.0 = Release|x86
		{DFDC2AA2-969F-43B6-814F-C0C6C908807F}.Debug|Any CPU.ActiveCfg = Debug|Any CPU
		{DFDC2AA2-969F-43B6-814F-C0C6C908807F}.Debug|Any CPU.Build.0 = Debug|Any CPU
		{DFDC2AA2-969F-43B6-814F-C0C6C908807F}.Debug|Mixed Platforms.ActiveCfg = Debug|Any CPU
		{DFDC2AA2-969F-43B6-814F-C0C6C908807F}.Debug|Mixed Platforms.Build.0 = Debug|Any CPU
		{DFDC2AA2-969F-43B6-814F-C0C6C908807F}.Debug|x64.ActiveCfg = Debug|Any CPU
		{DFDC2AA2-969F-43B6-814F-C0C6C908807F}.Debug|x86.ActiveCfg = Debug|x86
		{DFDC2AA2-969F-43B6-814F-C0C6C908807F}.Debug|x86.Build.0 = Debug|x86
		{DFDC2AA2-969F-43B6-814F-C0C6C908807F}.Debug-uptodate|Any CPU.ActiveCfg = Debug-uptodate|Any CPU
		{DFDC2AA2-969F-43B6-814F-C0C6C908807F}.Debug-uptodate|Any CPU.Build.0 = Debug-uptodate|Any CPU
		{DFDC2AA2-969F-43B6-814F-C0C6C908807F}.Debug-uptodate|Mixed Platforms.ActiveCfg = Debug-uptodate|x86
		{DFDC2AA2-969F-43B6-814F-C0C6C908807F}.Debug-uptodate|Mixed Platforms.Build.0 = Debug-uptodate|x86
		{DFDC2AA2-969F-43B6-814F-C0C6C908807F}.Debug-uptodate|x64.ActiveCfg = Debug-uptodate|x64
		{DFDC2AA2-969F-43B6-814F-C0C6C908807F}.Debug-uptodate|x64.Build.0 = Debug-uptodate|x64
		{DFDC2AA2-969F-43B6-814F-C0C6C908807F}.Debug-uptodate|x86.ActiveCfg = Debug-uptodate|x86
		{DFDC2AA2-969F-43B6-814F-C0C6C908807F}.Debug-uptodate|x86.Build.0 = Debug-uptodate|x86
		{DFDC2AA2-969F-43B6-814F-C0C6C908807F}.Release|Any CPU.ActiveCfg = Release|Any CPU
		{DFDC2AA2-969F-43B6-814F-C0C6C908807F}.Release|Any CPU.Build.0 = Release|Any CPU
		{DFDC2AA2-969F-43B6-814F-C0C6C908807F}.Release|Mixed Platforms.ActiveCfg = Release|Any CPU
		{DFDC2AA2-969F-43B6-814F-C0C6C908807F}.Release|Mixed Platforms.Build.0 = Release|Any CPU
		{DFDC2AA2-969F-43B6-814F-C0C6C908807F}.Release|x64.ActiveCfg = Release|x64
		{DFDC2AA2-969F-43B6-814F-C0C6C908807F}.Release|x86.ActiveCfg = Release|Any CPU
		{EC8459DE-5211-4C05-AEE8-A0BFD8F6BEE4}.Debug|Any CPU.ActiveCfg = Debug|x86
		{EC8459DE-5211-4C05-AEE8-A0BFD8F6BEE4}.Debug|Mixed Platforms.ActiveCfg = Debug|x86
		{EC8459DE-5211-4C05-AEE8-A0BFD8F6BEE4}.Debug|Mixed Platforms.Build.0 = Debug|x86
		{EC8459DE-5211-4C05-AEE8-A0BFD8F6BEE4}.Debug|x64.ActiveCfg = Debug|x86
		{EC8459DE-5211-4C05-AEE8-A0BFD8F6BEE4}.Debug|x86.ActiveCfg = Debug|x86
		{EC8459DE-5211-4C05-AEE8-A0BFD8F6BEE4}.Debug|x86.Build.0 = Debug|x86
		{EC8459DE-5211-4C05-AEE8-A0BFD8F6BEE4}.Debug-uptodate|Any CPU.ActiveCfg = Release|x86
		{EC8459DE-5211-4C05-AEE8-A0BFD8F6BEE4}.Debug-uptodate|Mixed Platforms.ActiveCfg = Debug|x86
		{EC8459DE-5211-4C05-AEE8-A0BFD8F6BEE4}.Debug-uptodate|x64.ActiveCfg = Release|x86
		{EC8459DE-5211-4C05-AEE8-A0BFD8F6BEE4}.Debug-uptodate|x86.ActiveCfg = Debug|x86
		{EC8459DE-5211-4C05-AEE8-A0BFD8F6BEE4}.Release|Any CPU.ActiveCfg = Release|x86
		{EC8459DE-5211-4C05-AEE8-A0BFD8F6BEE4}.Release|Mixed Platforms.ActiveCfg = Release|x86
		{EC8459DE-5211-4C05-AEE8-A0BFD8F6BEE4}.Release|Mixed Platforms.Build.0 = Release|x86
		{EC8459DE-5211-4C05-AEE8-A0BFD8F6BEE4}.Release|x64.ActiveCfg = Release|x86
		{EC8459DE-5211-4C05-AEE8-A0BFD8F6BEE4}.Release|x86.ActiveCfg = Release|x86
		{EC8459DE-5211-4C05-AEE8-A0BFD8F6BEE4}.Release|x86.Build.0 = Release|x86
		{8374E4D7-2A91-48F1-9360-09B09CF27C3F}.Debug|Any CPU.ActiveCfg = Debug|Any CPU
		{8374E4D7-2A91-48F1-9360-09B09CF27C3F}.Debug|Any CPU.Build.0 = Debug|Any CPU
		{8374E4D7-2A91-48F1-9360-09B09CF27C3F}.Debug|Mixed Platforms.ActiveCfg = Debug|Any CPU
		{8374E4D7-2A91-48F1-9360-09B09CF27C3F}.Debug|Mixed Platforms.Build.0 = Debug|Any CPU
		{8374E4D7-2A91-48F1-9360-09B09CF27C3F}.Debug|x64.ActiveCfg = Debug|Any CPU
		{8374E4D7-2A91-48F1-9360-09B09CF27C3F}.Debug|x86.ActiveCfg = Debug|x86
		{8374E4D7-2A91-48F1-9360-09B09CF27C3F}.Debug|x86.Build.0 = Debug|x86
		{8374E4D7-2A91-48F1-9360-09B09CF27C3F}.Debug-uptodate|Any CPU.ActiveCfg = Debug-uptodate|Any CPU
		{8374E4D7-2A91-48F1-9360-09B09CF27C3F}.Debug-uptodate|Any CPU.Build.0 = Debug-uptodate|Any CPU
		{8374E4D7-2A91-48F1-9360-09B09CF27C3F}.Debug-uptodate|Mixed Platforms.ActiveCfg = Debug-uptodate|x86
		{8374E4D7-2A91-48F1-9360-09B09CF27C3F}.Debug-uptodate|Mixed Platforms.Build.0 = Debug-uptodate|x86
		{8374E4D7-2A91-48F1-9360-09B09CF27C3F}.Debug-uptodate|x64.ActiveCfg = Debug-uptodate|x64
		{8374E4D7-2A91-48F1-9360-09B09CF27C3F}.Debug-uptodate|x64.Build.0 = Debug-uptodate|x64
		{8374E4D7-2A91-48F1-9360-09B09CF27C3F}.Debug-uptodate|x86.ActiveCfg = Debug-uptodate|x86
		{8374E4D7-2A91-48F1-9360-09B09CF27C3F}.Debug-uptodate|x86.Build.0 = Debug-uptodate|x86
		{8374E4D7-2A91-48F1-9360-09B09CF27C3F}.Release|Any CPU.ActiveCfg = Release|Any CPU
		{8374E4D7-2A91-48F1-9360-09B09CF27C3F}.Release|Any CPU.Build.0 = Release|Any CPU
		{8374E4D7-2A91-48F1-9360-09B09CF27C3F}.Release|Mixed Platforms.ActiveCfg = Release|Any CPU
		{8374E4D7-2A91-48F1-9360-09B09CF27C3F}.Release|Mixed Platforms.Build.0 = Release|Any CPU
		{8374E4D7-2A91-48F1-9360-09B09CF27C3F}.Release|x64.ActiveCfg = Release|x64
		{8374E4D7-2A91-48F1-9360-09B09CF27C3F}.Release|x64.Build.0 = Release|x64
		{8374E4D7-2A91-48F1-9360-09B09CF27C3F}.Release|x86.ActiveCfg = Release|x86
		{8374E4D7-2A91-48F1-9360-09B09CF27C3F}.Release|x86.Build.0 = Release|x86
		{A715BA09-854E-4DAC-B20D-9B34420AB64B}.Debug|Any CPU.ActiveCfg = Debug|Any CPU
		{A715BA09-854E-4DAC-B20D-9B34420AB64B}.Debug|Any CPU.Build.0 = Debug|Any CPU
		{A715BA09-854E-4DAC-B20D-9B34420AB64B}.Debug|Mixed Platforms.ActiveCfg = Debug|Any CPU
		{A715BA09-854E-4DAC-B20D-9B34420AB64B}.Debug|Mixed Platforms.Build.0 = Debug|Any CPU
		{A715BA09-854E-4DAC-B20D-9B34420AB64B}.Debug|x64.ActiveCfg = Debug|Any CPU
		{A715BA09-854E-4DAC-B20D-9B34420AB64B}.Debug|x86.ActiveCfg = Debug|x86
		{A715BA09-854E-4DAC-B20D-9B34420AB64B}.Debug|x86.Build.0 = Debug|x86
		{A715BA09-854E-4DAC-B20D-9B34420AB64B}.Debug-uptodate|Any CPU.ActiveCfg = Debug|Any CPU
		{A715BA09-854E-4DAC-B20D-9B34420AB64B}.Debug-uptodate|Mixed Platforms.ActiveCfg = Debug|x86
		{A715BA09-854E-4DAC-B20D-9B34420AB64B}.Debug-uptodate|x64.ActiveCfg = Debug|Any CPU
		{A715BA09-854E-4DAC-B20D-9B34420AB64B}.Debug-uptodate|x86.ActiveCfg = Debug|x86
		{A715BA09-854E-4DAC-B20D-9B34420AB64B}.Release|Any CPU.ActiveCfg = Release|Any CPU
		{A715BA09-854E-4DAC-B20D-9B34420AB64B}.Release|Any CPU.Build.0 = Release|Any CPU
		{A715BA09-854E-4DAC-B20D-9B34420AB64B}.Release|Mixed Platforms.ActiveCfg = Release|Any CPU
		{A715BA09-854E-4DAC-B20D-9B34420AB64B}.Release|Mixed Platforms.Build.0 = Release|Any CPU
		{A715BA09-854E-4DAC-B20D-9B34420AB64B}.Release|x64.ActiveCfg = Release|Any CPU
		{A715BA09-854E-4DAC-B20D-9B34420AB64B}.Release|x86.ActiveCfg = Release|Any CPU
		{B981E517-6B85-4AB1-9CFF-12681E083366}.Debug|Any CPU.ActiveCfg = Debug|Any CPU
		{B981E517-6B85-4AB1-9CFF-12681E083366}.Debug|Any CPU.Build.0 = Debug|Any CPU
		{B981E517-6B85-4AB1-9CFF-12681E083366}.Debug|Mixed Platforms.ActiveCfg = Debug|Any CPU
		{B981E517-6B85-4AB1-9CFF-12681E083366}.Debug|Mixed Platforms.Build.0 = Debug|Any CPU
		{B981E517-6B85-4AB1-9CFF-12681E083366}.Debug|x64.ActiveCfg = Debug|Any CPU
		{B981E517-6B85-4AB1-9CFF-12681E083366}.Debug|x64.Build.0 = Debug|Any CPU
		{B981E517-6B85-4AB1-9CFF-12681E083366}.Debug|x86.ActiveCfg = Debug|Any CPU
		{B981E517-6B85-4AB1-9CFF-12681E083366}.Debug|x86.Build.0 = Debug|Any CPU
		{B981E517-6B85-4AB1-9CFF-12681E083366}.Debug-uptodate|Any CPU.ActiveCfg = Debug|Any CPU
		{B981E517-6B85-4AB1-9CFF-12681E083366}.Debug-uptodate|Any CPU.Build.0 = Debug|Any CPU
		{B981E517-6B85-4AB1-9CFF-12681E083366}.Debug-uptodate|Mixed Platforms.ActiveCfg = Debug|Any CPU
		{B981E517-6B85-4AB1-9CFF-12681E083366}.Debug-uptodate|Mixed Platforms.Build.0 = Debug|Any CPU
		{B981E517-6B85-4AB1-9CFF-12681E083366}.Debug-uptodate|x64.ActiveCfg = Debug|Any CPU
		{B981E517-6B85-4AB1-9CFF-12681E083366}.Debug-uptodate|x64.Build.0 = Debug|Any CPU
		{B981E517-6B85-4AB1-9CFF-12681E083366}.Debug-uptodate|x86.ActiveCfg = Debug|Any CPU
		{B981E517-6B85-4AB1-9CFF-12681E083366}.Debug-uptodate|x86.Build.0 = Debug|Any CPU
		{B981E517-6B85-4AB1-9CFF-12681E083366}.Release|Any CPU.ActiveCfg = Release|Any CPU
		{B981E517-6B85-4AB1-9CFF-12681E083366}.Release|Any CPU.Build.0 = Release|Any CPU
		{B981E517-6B85-4AB1-9CFF-12681E083366}.Release|Mixed Platforms.ActiveCfg = Release|Any CPU
		{B981E517-6B85-4AB1-9CFF-12681E083366}.Release|Mixed Platforms.Build.0 = Release|Any CPU
		{B981E517-6B85-4AB1-9CFF-12681E083366}.Release|x64.ActiveCfg = Release|Any CPU
		{B981E517-6B85-4AB1-9CFF-12681E083366}.Release|x64.Build.0 = Release|Any CPU
		{B981E517-6B85-4AB1-9CFF-12681E083366}.Release|x86.ActiveCfg = Release|Any CPU
		{B981E517-6B85-4AB1-9CFF-12681E083366}.Release|x86.Build.0 = Release|Any CPU
		{9E331628-BAF8-4DE4-ABAF-7C6C034067F5}.Debug|Any CPU.ActiveCfg = Debug|Any CPU
		{9E331628-BAF8-4DE4-ABAF-7C6C034067F5}.Debug|Any CPU.Build.0 = Debug|Any CPU
		{9E331628-BAF8-4DE4-ABAF-7C6C034067F5}.Debug|Mixed Platforms.ActiveCfg = Debug|Any CPU
		{9E331628-BAF8-4DE4-ABAF-7C6C034067F5}.Debug|Mixed Platforms.Build.0 = Debug|Any CPU
		{9E331628-BAF8-4DE4-ABAF-7C6C034067F5}.Debug|x64.ActiveCfg = Debug|Any CPU
		{9E331628-BAF8-4DE4-ABAF-7C6C034067F5}.Debug|x64.Build.0 = Debug|Any CPU
		{9E331628-BAF8-4DE4-ABAF-7C6C034067F5}.Debug|x86.ActiveCfg = Debug|Any CPU
		{9E331628-BAF8-4DE4-ABAF-7C6C034067F5}.Debug|x86.Build.0 = Debug|Any CPU
		{9E331628-BAF8-4DE4-ABAF-7C6C034067F5}.Debug-uptodate|Any CPU.ActiveCfg = Debug|Any CPU
		{9E331628-BAF8-4DE4-ABAF-7C6C034067F5}.Debug-uptodate|Mixed Platforms.ActiveCfg = Debug|Any CPU
		{9E331628-BAF8-4DE4-ABAF-7C6C034067F5}.Debug-uptodate|x64.ActiveCfg = Debug|Any CPU
		{9E331628-BAF8-4DE4-ABAF-7C6C034067F5}.Debug-uptodate|x86.ActiveCfg = Debug|Any CPU
		{9E331628-BAF8-4DE4-ABAF-7C6C034067F5}.Release|Any CPU.ActiveCfg = Release|Any CPU
		{9E331628-BAF8-4DE4-ABAF-7C6C034067F5}.Release|Any CPU.Build.0 = Release|Any CPU
		{9E331628-BAF8-4DE4-ABAF-7C6C034067F5}.Release|Mixed Platforms.ActiveCfg = Release|Any CPU
		{9E331628-BAF8-4DE4-ABAF-7C6C034067F5}.Release|Mixed Platforms.Build.0 = Release|Any CPU
		{9E331628-BAF8-4DE4-ABAF-7C6C034067F5}.Release|x64.ActiveCfg = Release|Any CPU
		{9E331628-BAF8-4DE4-ABAF-7C6C034067F5}.Release|x64.Build.0 = Release|Any CPU
		{9E331628-BAF8-4DE4-ABAF-7C6C034067F5}.Release|x86.ActiveCfg = Release|Any CPU
		{9E331628-BAF8-4DE4-ABAF-7C6C034067F5}.Release|x86.Build.0 = Release|Any CPU
		{9A237C6A-4042-4992-99A3-BDC2EEFAB31A}.Debug|Any CPU.ActiveCfg = Debug|Any CPU
		{9A237C6A-4042-4992-99A3-BDC2EEFAB31A}.Debug|Any CPU.Build.0 = Debug|Any CPU
		{9A237C6A-4042-4992-99A3-BDC2EEFAB31A}.Debug|Mixed Platforms.ActiveCfg = Debug|Any CPU
		{9A237C6A-4042-4992-99A3-BDC2EEFAB31A}.Debug|Mixed Platforms.Build.0 = Debug|Any CPU
		{9A237C6A-4042-4992-99A3-BDC2EEFAB31A}.Debug|x64.ActiveCfg = Debug|Any CPU
		{9A237C6A-4042-4992-99A3-BDC2EEFAB31A}.Debug|x64.Build.0 = Debug|Any CPU
		{9A237C6A-4042-4992-99A3-BDC2EEFAB31A}.Debug|x86.ActiveCfg = Debug|Any CPU
		{9A237C6A-4042-4992-99A3-BDC2EEFAB31A}.Debug|x86.Build.0 = Debug|Any CPU
		{9A237C6A-4042-4992-99A3-BDC2EEFAB31A}.Debug-uptodate|Any CPU.ActiveCfg = Debug|Any CPU
		{9A237C6A-4042-4992-99A3-BDC2EEFAB31A}.Debug-uptodate|Mixed Platforms.ActiveCfg = Debug|Any CPU
		{9A237C6A-4042-4992-99A3-BDC2EEFAB31A}.Debug-uptodate|x64.ActiveCfg = Debug|Any CPU
		{9A237C6A-4042-4992-99A3-BDC2EEFAB31A}.Debug-uptodate|x86.ActiveCfg = Debug|Any CPU
		{9A237C6A-4042-4992-99A3-BDC2EEFAB31A}.Release|Any CPU.ActiveCfg = Release|Any CPU
		{9A237C6A-4042-4992-99A3-BDC2EEFAB31A}.Release|Any CPU.Build.0 = Release|Any CPU
		{9A237C6A-4042-4992-99A3-BDC2EEFAB31A}.Release|Mixed Platforms.ActiveCfg = Release|Any CPU
		{9A237C6A-4042-4992-99A3-BDC2EEFAB31A}.Release|Mixed Platforms.Build.0 = Release|Any CPU
		{9A237C6A-4042-4992-99A3-BDC2EEFAB31A}.Release|x64.ActiveCfg = Release|Any CPU
		{9A237C6A-4042-4992-99A3-BDC2EEFAB31A}.Release|x64.Build.0 = Release|Any CPU
		{9A237C6A-4042-4992-99A3-BDC2EEFAB31A}.Release|x86.ActiveCfg = Release|Any CPU
		{9A237C6A-4042-4992-99A3-BDC2EEFAB31A}.Release|x86.Build.0 = Release|Any CPU
		{9E50768A-CB28-4ACF-8961-295F82BDB5D4}.Debug|Any CPU.ActiveCfg = Debug|Any CPU
		{9E50768A-CB28-4ACF-8961-295F82BDB5D4}.Debug|Any CPU.Build.0 = Debug|Any CPU
		{9E50768A-CB28-4ACF-8961-295F82BDB5D4}.Debug|Mixed Platforms.ActiveCfg = Debug|x86
		{9E50768A-CB28-4ACF-8961-295F82BDB5D4}.Debug|Mixed Platforms.Build.0 = Debug|x86
		{9E50768A-CB28-4ACF-8961-295F82BDB5D4}.Debug|x64.ActiveCfg = Debug|x64
		{9E50768A-CB28-4ACF-8961-295F82BDB5D4}.Debug|x64.Build.0 = Debug|x64
		{9E50768A-CB28-4ACF-8961-295F82BDB5D4}.Debug|x86.ActiveCfg = Debug|x86
		{9E50768A-CB28-4ACF-8961-295F82BDB5D4}.Debug|x86.Build.0 = Debug|x86
		{9E50768A-CB28-4ACF-8961-295F82BDB5D4}.Debug-uptodate|Any CPU.ActiveCfg = Debug-uptodate|Any CPU
		{9E50768A-CB28-4ACF-8961-295F82BDB5D4}.Debug-uptodate|Any CPU.Build.0 = Debug-uptodate|Any CPU
		{9E50768A-CB28-4ACF-8961-295F82BDB5D4}.Debug-uptodate|Mixed Platforms.ActiveCfg = Debug-uptodate|x86
		{9E50768A-CB28-4ACF-8961-295F82BDB5D4}.Debug-uptodate|Mixed Platforms.Build.0 = Debug-uptodate|x86
		{9E50768A-CB28-4ACF-8961-295F82BDB5D4}.Debug-uptodate|x64.ActiveCfg = Debug-uptodate|x64
		{9E50768A-CB28-4ACF-8961-295F82BDB5D4}.Debug-uptodate|x64.Build.0 = Debug-uptodate|x64
		{9E50768A-CB28-4ACF-8961-295F82BDB5D4}.Debug-uptodate|x86.ActiveCfg = Debug-uptodate|x86
		{9E50768A-CB28-4ACF-8961-295F82BDB5D4}.Debug-uptodate|x86.Build.0 = Debug-uptodate|x86
		{9E50768A-CB28-4ACF-8961-295F82BDB5D4}.Release|Any CPU.ActiveCfg = Release|Any CPU
		{9E50768A-CB28-4ACF-8961-295F82BDB5D4}.Release|Any CPU.Build.0 = Release|Any CPU
		{9E50768A-CB28-4ACF-8961-295F82BDB5D4}.Release|Mixed Platforms.ActiveCfg = Release|x86
		{9E50768A-CB28-4ACF-8961-295F82BDB5D4}.Release|Mixed Platforms.Build.0 = Release|x86
		{9E50768A-CB28-4ACF-8961-295F82BDB5D4}.Release|x64.ActiveCfg = Release|x64
		{9E50768A-CB28-4ACF-8961-295F82BDB5D4}.Release|x64.Build.0 = Release|x64
		{9E50768A-CB28-4ACF-8961-295F82BDB5D4}.Release|x86.ActiveCfg = Release|x86
		{9E50768A-CB28-4ACF-8961-295F82BDB5D4}.Release|x86.Build.0 = Release|x86
		{C625DF79-CEA6-424F-9553-68547A04A556}.Debug|Any CPU.ActiveCfg = Debug|Any CPU
		{C625DF79-CEA6-424F-9553-68547A04A556}.Debug|Any CPU.Build.0 = Debug|Any CPU
		{C625DF79-CEA6-424F-9553-68547A04A556}.Debug|Mixed Platforms.ActiveCfg = Debug|x86
		{C625DF79-CEA6-424F-9553-68547A04A556}.Debug|Mixed Platforms.Build.0 = Debug|x86
		{C625DF79-CEA6-424F-9553-68547A04A556}.Debug|x64.ActiveCfg = Debug|Any CPU
		{C625DF79-CEA6-424F-9553-68547A04A556}.Debug|x64.Build.0 = Debug|Any CPU
		{C625DF79-CEA6-424F-9553-68547A04A556}.Debug|x86.ActiveCfg = Debug|x86
		{C625DF79-CEA6-424F-9553-68547A04A556}.Debug|x86.Build.0 = Debug|x86
		{C625DF79-CEA6-424F-9553-68547A04A556}.Debug-uptodate|Any CPU.ActiveCfg = Debug-uptodate|Any CPU
		{C625DF79-CEA6-424F-9553-68547A04A556}.Debug-uptodate|Any CPU.Build.0 = Debug-uptodate|Any CPU
		{C625DF79-CEA6-424F-9553-68547A04A556}.Debug-uptodate|Mixed Platforms.ActiveCfg = Debug-uptodate|x86
		{C625DF79-CEA6-424F-9553-68547A04A556}.Debug-uptodate|Mixed Platforms.Build.0 = Debug-uptodate|x86
		{C625DF79-CEA6-424F-9553-68547A04A556}.Debug-uptodate|x64.ActiveCfg = Debug-uptodate|Any CPU
		{C625DF79-CEA6-424F-9553-68547A04A556}.Debug-uptodate|x64.Build.0 = Debug-uptodate|Any CPU
		{C625DF79-CEA6-424F-9553-68547A04A556}.Debug-uptodate|x86.ActiveCfg = Debug-uptodate|x86
		{C625DF79-CEA6-424F-9553-68547A04A556}.Debug-uptodate|x86.Build.0 = Debug-uptodate|x86
		{C625DF79-CEA6-424F-9553-68547A04A556}.Release|Any CPU.ActiveCfg = Release|Any CPU
		{C625DF79-CEA6-424F-9553-68547A04A556}.Release|Any CPU.Build.0 = Release|Any CPU
		{C625DF79-CEA6-424F-9553-68547A04A556}.Release|Mixed Platforms.ActiveCfg = Release|x86
		{C625DF79-CEA6-424F-9553-68547A04A556}.Release|Mixed Platforms.Build.0 = Release|x86
		{C625DF79-CEA6-424F-9553-68547A04A556}.Release|x64.ActiveCfg = Release|Any CPU
		{C625DF79-CEA6-424F-9553-68547A04A556}.Release|x64.Build.0 = Release|Any CPU
		{C625DF79-CEA6-424F-9553-68547A04A556}.Release|x86.ActiveCfg = Release|x86
		{C625DF79-CEA6-424F-9553-68547A04A556}.Release|x86.Build.0 = Release|x86
	EndGlobalSection
	GlobalSection(SolutionProperties) = preSolution
		HideSolutionNode = FALSE
	EndGlobalSection
	GlobalSection(NestedProjects) = preSolution
		{32609B25-5E15-4B60-887F-0A4B95455F2A} = {B4F98D0C-2EB6-40DB-9B3C-C721B53B7E17}
		{0F454E97-B01B-4A02-84A4-8C53F7B185E7} = {B4F98D0C-2EB6-40DB-9B3C-C721B53B7E17}
		{10884165-D492-4895-B3EF-32429F7A7F55} = {EC9DBA18-85FF-4B01-947F-11001EEDFBA6}
		{D7BFF8ED-065B-4A53-9805-595DFEA75A0A} = {EC9DBA18-85FF-4B01-947F-11001EEDFBA6}
		{53092D2E-8F37-4889-B6B7-B359E093E3F4} = {EC9DBA18-85FF-4B01-947F-11001EEDFBA6}
		{011FBAFC-7720-4D36-9C59-71BAE6163C9E} = {0869D6EC-2F2C-498C-8B58-AC280A7A4D48}
		{B838009E-BE0A-463F-A814-73EBF3663785} = {0869D6EC-2F2C-498C-8B58-AC280A7A4D48}
		{7A1BEAB5-1A69-48B6-B064-0F6F372AC23B} = {0869D6EC-2F2C-498C-8B58-AC280A7A4D48}
		{8AC12413-BD4F-4C35-B61A-5E5894D33AFB} = {017F54F2-C79A-41F4-8F32-992EC67BBFA0}
		{73FB2A1D-2036-489D-B23A-B606BB70D4F2} = {455857F1-1A1E-436E-9CB9-DDCF3CD5A6D7}
		{53C844EC-189B-4803-8128-48ED9964ADA8} = {455857F1-1A1E-436E-9CB9-DDCF3CD5A6D7}
		{33093793-C4BA-4B89-AC82-6E9D00437452} = {EC9DBA18-85FF-4B01-947F-11001EEDFBA6}
		{4BBBCB41-40E7-48DE-82C4-5CAF1CEF8CC3} = {6261B863-0BE9-45F6-8992-FFC2469B689F}
		{8BFDD80E-9E64-4386-B676-ED3CFDF1B095} = {38155C42-AA0B-483C-98FB-EE1F0FA9B293}
		{4545DDDA-F936-4797-A77A-98F08169D3FC} = {B4F98D0C-2EB6-40DB-9B3C-C721B53B7E17}
		{1BFB9518-1687-420E-A7F0-2B4B46BF8B99} = {6261B863-0BE9-45F6-8992-FFC2469B689F}
		{380D57C1-2AB3-497A-A47A-3DBBA034EF37} = {6261B863-0BE9-45F6-8992-FFC2469B689F}
		{468ADEDE-6F5E-40C0-99C9-C6DAC4FAC934} = {38155C42-AA0B-483C-98FB-EE1F0FA9B293}
		{A0BFF0DB-ED9A-4639-AE86-8E709A1EFC66} = {38155C42-AA0B-483C-98FB-EE1F0FA9B293}
		{E7406629-E127-4B96-8F29-287947075631} = {017F54F2-C79A-41F4-8F32-992EC67BBFA0}
		{8785E18F-243C-4D1C-AD5C-5519E81F4104} = {6261B863-0BE9-45F6-8992-FFC2469B689F}
		{72E591D6-8F83-4D8C-8F67-9C325E623234} = {38155C42-AA0B-483C-98FB-EE1F0FA9B293}
		{DB81988F-E0F2-45A0-A1FD-8C37F3D35244} = {38155C42-AA0B-483C-98FB-EE1F0FA9B293}
		{E1DB2171-4ADB-47E1-8827-47B6CAA6BE70} = {6261B863-0BE9-45F6-8992-FFC2469B689F}
		{23616127-D1F0-4AB8-B1E8-EC42C1578F6D} = {6261B863-0BE9-45F6-8992-FFC2469B689F}
		{D91BCC72-4891-40C1-A1EF-D3F2BC76914D} = {6261B863-0BE9-45F6-8992-FFC2469B689F}
		{E6CC3639-4492-4FB4-92F6-49F138688560} = {6261B863-0BE9-45F6-8992-FFC2469B689F}
		{BCF93302-7EEB-4ECE-9EC2-033B51747192} = {6261B863-0BE9-45F6-8992-FFC2469B689F}
		{DFDC2AA2-969F-43B6-814F-C0C6C908807F} = {6261B863-0BE9-45F6-8992-FFC2469B689F}
		{EC8459DE-5211-4C05-AEE8-A0BFD8F6BEE4} = {6261B863-0BE9-45F6-8992-FFC2469B689F}
		{8374E4D7-2A91-48F1-9360-09B09CF27C3F} = {38155C42-AA0B-483C-98FB-EE1F0FA9B293}
		{A715BA09-854E-4DAC-B20D-9B34420AB64B} = {B4F98D0C-2EB6-40DB-9B3C-C721B53B7E17}
		{B981E517-6B85-4AB1-9CFF-12681E083366} = {6261B863-0BE9-45F6-8992-FFC2469B689F}
		{9E331628-BAF8-4DE4-ABAF-7C6C034067F5} = {3529038F-7ABD-4570-9958-5A8F2EF0DD39}
		{9A237C6A-4042-4992-99A3-BDC2EEFAB31A} = {6261B863-0BE9-45F6-8992-FFC2469B689F}
		{9E50768A-CB28-4ACF-8961-295F82BDB5D4} = {B4F98D0C-2EB6-40DB-9B3C-C721B53B7E17}
		{C625DF79-CEA6-424F-9553-68547A04A556} = {B4F98D0C-2EB6-40DB-9B3C-C721B53B7E17}
	EndGlobalSection
	GlobalSection(TestCaseManagementSettings) = postSolution
		CategoryFile = Stump.vsmdi
	EndGlobalSection
EndGlobal
